// !$*UTF8*$!
{
	archiveVersion = 1;
	classes = {
	};
	objectVersion = 77;
	objects = {

/* Begin PBXBuildFile section */
		0049B46E33E0E2DE780DF3B9 /* RitualsView.swift in Sources */ = {isa = PBXBuildFile; fileRef = BF26A4482A5225ED30FE5539 /* RitualsView.swift */; };
		0536316B78F9F14AE3D3A222 /* StatsView.swift in Sources */ = {isa = PBXBuildFile; fileRef = E5985ECA332E4E30FCD65AE3 /* StatsView.swift */; };
		053F3AEB9D9B993F9A88FE3E /* TodayBriefWidget.swift in Sources */ = {isa = PBXBuildFile; fileRef = 0CE0CFF1EA726A7A288B03F2 /* TodayBriefWidget.swift */; };
		B11111111111111111111111 /* DataDeletionView.swift in Sources */ = {isa = PBXBuildFile; fileRef = A11111111111111111111112 /* DataDeletionView.swift */; };
		B11111111111111111111112 /* KeyboardShortcutsSheetView.swift in Sources */ = {isa = PBXBuildFile; fileRef = A11111111111111111111114 /* KeyboardShortcutsSheetView.swift */; };
		B11111111111111111111113 /* MorningBriefRewriter.swift in Sources */ = {isa = PBXBuildFile; fileRef = A11111111111111111111116 /* MorningBriefRewriter.swift */; };
		B11111111111111111111114 /* PermissionsSettingsView.swift in Sources */ = {isa = PBXBuildFile; fileRef = A11111111111111111111111 /* PermissionsSettingsView.swift */; };
		B11111111111111111111115 /* SupportView.swift in Sources */ = {isa = PBXBuildFile; fileRef = A11111111111111111111113 /* SupportView.swift */; };
		B11111111111111111111116 /* WritingToolsIntegration.swift in Sources */ = {isa = PBXBuildFile; fileRef = A11111111111111111111115 /* WritingToolsIntegration.swift */; };
		0B0F6F7E06716411CEEE055F /* StoreKit2Manager.swift in Sources */ = {isa = PBXBuildFile; fileRef = 13F0B87C927E9CAD1BB6CA93 /* StoreKit2Manager.swift */; };
		0E79C69BE7850B9E5A4B0166 /* RuleTemplateLibraryView.swift in Sources */ = {isa = PBXBuildFile; fileRef = 048CEB4766F38276EE3DE89D /* RuleTemplateLibraryView.swift */; };
		0F08DE38E0B1B8DB2FA6E58B /* FocalPointWidget.swift in Sources */ = {isa = PBXBuildFile; fileRef = 6CD51880C03F201EDCDB5316 /* FocalPointWidget.swift */; };
		161CCF2B4CF6577AE92A23FA /* DesignSystem.framework in Frameworks */ = {isa = PBXBuildFile; fileRef = D82334F2DC656DCB46A0143F /* DesignSystem.framework */; };
		1BCA659697E460B060473B39 /* SettingsView.swift in Sources */ = {isa = PBXBuildFile; fileRef = 2E835CF0193FF8408D374ECB /* SettingsView.swift */; };
		211111111111111111111112 /* PermissionsSettingsView.swift in Sources */ = {isa = PBXBuildFile; fileRef = 211111111111111111111111 /* PermissionsSettingsView.swift */; };
		221111111111111111111112 /* DataDeletionView.swift in Sources */ = {isa = PBXBuildFile; fileRef = 221111111111111111111111 /* DataDeletionView.swift */; };
		231111111111111111111112 /* SupportView.swift in Sources */ = {isa = PBXBuildFile; fileRef = 231111111111111111111111 /* SupportView.swift */; };
		241111111111111111111112 /* KeyboardShortcutsSheetView.swift in Sources */ = {isa = PBXBuildFile; fileRef = 241111111111111111111111 /* KeyboardShortcutsSheetView.swift */; };
		251111111111111111111112 /* WritingToolsIntegration.swift in Sources */ = {isa = PBXBuildFile; fileRef = 251111111111111111111111 /* WritingToolsIntegration.swift */; };
		1E51ED985E9B4001D8A66E30 /* WalletView.swift in Sources */ = {isa = PBXBuildFile; fileRef = 4D083D01E317502E4EC193D0 /* WalletView.swift */; };
		1F672FAB6E128DEE81D6CCA9 /* MascotUI.framework in Embed Frameworks */ = {isa = PBXBuildFile; fileRef = B57136EB30F6A4E8F24ED338 /* MascotUI.framework */; settings = {ATTRIBUTES = (CodeSignOnCopy, RemoveHeadersOnCopy, ); }; };
		20CF2E6E655BDDBB20C8575D /* Assets.xcassets in Resources */ = {isa = PBXBuildFile; fileRef = F7F220CD23B4E71CA626FFE8 /* Assets.xcassets */; };
		22BB950ECD08B255E8A06422 /* CanvasAuthView.swift in Sources */ = {isa = PBXBuildFile; fileRef = 6CBD15041A7A7B9F01C28981 /* CanvasAuthView.swift */; };
		2D2928FBD98D8DCCE6DDEBD1 /* OnboardingViewV2.swift in Sources */ = {isa = PBXBuildFile; fileRef = 02CD2B630A909A462EE05AED /* OnboardingViewV2.swift */; };
		E11111111111111111111111 /* PermissionsStep.swift in Sources */ = {isa = PBXBuildFile; fileRef = D11111111111111111111111 /* PermissionsStep.swift */; };
		321F02A16A1A22E971557EA5 /* CoachyTabView.swift in Sources */ = {isa = PBXBuildFile; fileRef = 1A1833AE570219A102030627 /* CoachyTabView.swift */; };
		324F179DCA3DF33BF8806C6D /* TasksView.swift in Sources */ = {isa = PBXBuildFile; fileRef = 8EA67E236719879CE3C21943 /* TasksView.swift */; };
		32B41F6047931499A79B5A79 /* DesignSystem.framework in Embed Frameworks */ = {isa = PBXBuildFile; fileRef = D82334F2DC656DCB46A0143F /* DesignSystem.framework */; settings = {ATTRIBUTES = (CodeSignOnCopy, RemoveHeadersOnCopy, ); }; };
		380F23042021E37FD33A9996 /* ActivityView.swift in Sources */ = {isa = PBXBuildFile; fileRef = 4C4DF16998A74D5A8EC7C268 /* ActivityView.swift */; };
		38D0626859684F6E0628371B /* CloudKitSync.swift in Sources */ = {isa = PBXBuildFile; fileRef = F7A27120F51078F0D465CC5E /* CloudKitSync.swift */; };
		39B1F5A7E0ECD8AB20882ED6 /* GitHubAuthView.swift in Sources */ = {isa = PBXBuildFile; fileRef = 193B8D2F7F43CE9073857676 /* GitHubAuthView.swift */; };
		3A0ED1AC312A7160A78DAABB /* focus_ffi.swift in Sources */ = {isa = PBXBuildFile; fileRef = 8266432072D887D4FD9D4C5A /* focus_ffi.swift */; };
		3C0BDEF2E0EFCF0B666AA856 /* CoreHolder.swift in Sources */ = {isa = PBXBuildFile; fileRef = 533EA47AFB4E0DC9036B80B5 /* CoreHolder.swift */; };
		3F33054474615028B02BEA77 /* OnboardingView.swift in Sources */ = {isa = PBXBuildFile; fileRef = ED5315062DC5BB265702D200 /* OnboardingView.swift */; };
		888888888888888888888888 /* NotificationPermissionManager.swift in Sources */ = {isa = PBXBuildFile; fileRef = 333333333333333333333333 /* NotificationPermissionManager.swift */; };
		41B7FA1D5D3256EEF5DC0C87 /* EventKitCalendarHost.swift in Sources */ = {isa = PBXBuildFile; fileRef = 8ACCFE70DEAE32240C7FBDC2 /* EventKitCalendarHost.swift */; };
		43749566D4011CFF97A33D63 /* RulesListView.swift in Sources */ = {isa = PBXBuildFile; fileRef = 77D0ADD81F9C69F806A65DBA /* RulesListView.swift */; };
		4656784444184E77EC561522 /* FocusSessionLiveActivity.swift in Sources */ = {isa = PBXBuildFile; fileRef = 0C00B2676A6018DA80F558C9 /* FocusSessionLiveActivity.swift */; };
		4661FF1584FDE57401BC55D5 /* RuleFiredFlyInView.swift in Sources */ = {isa = PBXBuildFile; fileRef = E358289E467D934FEC6576D5 /* RuleFiredFlyInView.swift */; };
		47ED23975206E0BA6EC88C05 /* DesignSystem.framework in Frameworks */ = {isa = PBXBuildFile; fileRef = D82334F2DC656DCB46A0143F /* DesignSystem.framework */; };
		48CF224D494AAA3357BA1B00 /* Localizable.xcstrings in Resources */ = {isa = PBXBuildFile; fileRef = 4C929901AED6C2E054BB2BA6 /* Localizable.xcstrings */; };
		999999999999999999999999 /* MenuCommands.swift in Sources */ = {isa = PBXBuildFile; fileRef = 444444444444444444444444 /* MenuCommands.swift */; };
		4C82AA6B2D9DB2B13A3196C8 /* FocalPointApp.swift in Sources */ = {isa = PBXBuildFile; fileRef = E5D020ED3DE71B7589CCDD66 /* FocalPointApp.swift */; };
		AAAAAAAAAAAAAAAAAAAAAAAA /* KeyboardShortcuts.swift in Sources */ = {isa = PBXBuildFile; fileRef = 555555555555555555555555 /* KeyboardShortcuts.swift */; };
		4E51C25B76C408695EEB99BF /* FocalPointCore.framework in Frameworks */ = {isa = PBXBuildFile; fileRef = D08FADFC56B6BA55CDE8584B /* FocalPointCore.framework */; };
		50278940D3ED3E083BFFDD49 /* PaywallView.swift in Sources */ = {isa = PBXBuildFile; fileRef = DF5D334BB5E83B3587D94C95 /* PaywallView.swift */; };
		54D6DCC4C9B352C3CA74DA95 /* EntitlementModel.swift in Sources */ = {isa = PBXBuildFile; fileRef = 7DD719619FBC61E94CE54B0F /* EntitlementModel.swift */; };
		55719960F6C573085AAE351B /* FocusModeView.swift in Sources */ = {isa = PBXBuildFile; fileRef = D2AF50018F2D523969AF1FC5 /* FocusModeView.swift */; };
		5601823FFFADACBD01A461E5 /* Enforcement.framework in Frameworks */ = {isa = PBXBuildFile; fileRef = 7D961535C3D35CC128425505 /* Enforcement.framework */; };
		5C5B58D9CD3E99BACEE91924 /* DesignSystem.framework in Embed Frameworks */ = {isa = PBXBuildFile; fileRef = D82334F2DC656DCB46A0143F /* DesignSystem.framework */; settings = {ATTRIBUTES = (CodeSignOnCopy, RemoveHeadersOnCopy, ); }; };
		5CD0AEE2F7C978711B339CA6 /* README.md in Resources */ = {isa = PBXBuildFile; fileRef = 3053B8BAD298720F5363C8A9 /* README.md */; };
		5E65BB342B78E2F5C9B2E3B1 /* FeatureGateHelper.swift in Sources */ = {isa = PBXBuildFile; fileRef = 686FD85DD0C7FE4063B76C06 /* FeatureGateHelper.swift */; };
		626CFFE9DB2AA876ABA2309F /* TemplateLibraryView.swift in Sources */ = {isa = PBXBuildFile; fileRef = 707546062D8080BE11AB50EB /* TemplateLibraryView.swift */; };
		68603AD28C75F62A76DD715E /* RuleTemplates.swift in Sources */ = {isa = PBXBuildFile; fileRef = A2C7B05E6558BA5523493BE3 /* RuleTemplates.swift */; };
		68E55C8B1BB31C24089FA974 /* FocalPointCore.swift in Sources */ = {isa = PBXBuildFile; fileRef = 76C80746002D8C01644BC3D3 /* FocalPointCore.swift */; };
		6AE788CE82618F2B67C62B86 /* FocalPointCore.framework in Frameworks */ = {isa = PBXBuildFile; fileRef = D08FADFC56B6BA55CDE8584B /* FocalPointCore.framework */; };
		72E1A6249AB559D0BA461C43 /* DesignSystem.framework in Frameworks */ = {isa = PBXBuildFile; fileRef = D82334F2DC656DCB46A0143F /* DesignSystem.framework */; };
		736F1CFCF468288599AC1C46 /* Enforcement.framework in Embed Frameworks */ = {isa = PBXBuildFile; fileRef = 7D961535C3D35CC128425505 /* Enforcement.framework */; settings = {ATTRIBUTES = (CodeSignOnCopy, RemoveHeadersOnCopy, ); }; };
		76FA28BB14890C7B00816B36 /* MascotUI.framework in Frameworks */ = {isa = PBXBuildFile; fileRef = B57136EB30F6A4E8F24ED338 /* MascotUI.framework */; };
		78272606098AD703BC9EC68D /* PrivacyInfo.xcprivacy in Resources */ = {isa = PBXBuildFile; fileRef = A0FD4D8BC3A64507E8DC4C87 /* PrivacyInfo.xcprivacy */; };
		79123E01745FB3215EF77CE1 /* PrivacyInfo.xcprivacy in Resources */ = {isa = PBXBuildFile; fileRef = 459C0C0A801D3FC4E8C7FE12 /* PrivacyInfo.xcprivacy */; };
		797092FEB48408BD0A36C786 /* FocusFFI.xcframework in Frameworks */ = {isa = PBXBuildFile; fileRef = B73F5CAEB4F797617027564A /* FocusFFI.xcframework */; };
		7C7FB747EFE87BAE8433FC68 /* CoachyAnimationEngine.swift in Sources */ = {isa = PBXBuildFile; fileRef = 8FFE28734B8BA5F70FB85A23 /* CoachyAnimationEngine.swift */; };
		7D321EA641C1B3625A1DC698 /* MarkdownView.swift in Sources */ = {isa = PBXBuildFile; fileRef = 447F150321EDB268E5B6A29D /* MarkdownView.swift */; };
		7F752D41FFAAEAFB26DDF17B /* RuleDetailView.swift in Sources */ = {isa = PBXBuildFile; fileRef = 162E3E714E65202BD1C765FF /* RuleDetailView.swift */; };
		7F9DF4A84D1AE008A04697D1 /* PRIVACY.md in Resources */ = {isa = PBXBuildFile; fileRef = 3D4A0B5012316FB33BB9E51E /* PRIVACY.md */; };
		82077DF2A9B0B308CD1436E7 /* FamilyControlsStatusView.swift in Sources */ = {isa = PBXBuildFile; fileRef = 9A0241A4CB6D3F486C0E250D /* FamilyControlsStatusView.swift */; };
		86DD829E56764BD28822F207 /* SOUND_SOURCES.md in Resources */ = {isa = PBXBuildFile; fileRef = E6473C025E5BD2E4C731F0AD /* SOUND_SOURCES.md */; };
		871FA9FB9EFCE760496904EF /* CoachyScene.swift in Sources */ = {isa = PBXBuildFile; fileRef = 8AF5BF5A39349D2ED164B3AA /* CoachyScene.swift */; };
		88657334D04CBD4CCB67BC0F /* CoachyView.swift in Sources */ = {isa = PBXBuildFile; fileRef = C3E785682DED78141AEF7B83 /* CoachyView.swift */; };
		895B9796CDD40DC05C0FE718 /* SentrySetup.swift in Sources */ = {isa = PBXBuildFile; fileRef = B01EE33846DEBE032507ED83 /* SentrySetup.swift */; };
		8991597F6A0D4A9F1141FE43 /* FocalPointCore.framework in Frameworks */ = {isa = PBXBuildFile; fileRef = D08FADFC56B6BA55CDE8584B /* FocalPointCore.framework */; };
		8C4D8A308169CC9F2EA3D008 /* CoachyBridging.swift in Sources */ = {isa = PBXBuildFile; fileRef = 1F0CD08BDE5ADD6F743EB8B6 /* CoachyBridging.swift */; };
		8D98AA1E4EBA8D854057CDFA /* TERMS.md in Resources */ = {isa = PBXBuildFile; fileRef = C7E265BB402E943AD00453AC /* TERMS.md */; };
		927EFA2A77CF2EE6B7DF7F50 /* HomeView.swift in Sources */ = {isa = PBXBuildFile; fileRef = A7F5D6AB0F1A105689281F03 /* HomeView.swift */; };
		944E40E35B12E5053E2EA62B /* RuleFiredFlyIn.swift in Sources */ = {isa = PBXBuildFile; fileRef = 15A31F7F6CF3AD2C7D62E9D8 /* RuleFiredFlyIn.swift */; };
		94C629C018BE8FBB1BE97695 /* FocusFFI.xcframework in Embed Frameworks */ = {isa = PBXBuildFile; fileRef = B73F5CAEB4F797617027564A /* FocusFFI.xcframework */; settings = {ATTRIBUTES = (CodeSignOnCopy, RemoveHeadersOnCopy, ); }; };
		9938F74F96928DA338CB9E27 /* FocalPointCore.framework in Embed Frameworks */ = {isa = PBXBuildFile; fileRef = D08FADFC56B6BA55CDE8584B /* FocalPointCore.framework */; settings = {ATTRIBUTES = (CodeSignOnCopy, RemoveHeadersOnCopy, ); }; };
		9E2B5CDD3C25AE73D8EB47B6 /* DesignSystem.framework in Frameworks */ = {isa = PBXBuildFile; fileRef = D82334F2DC656DCB46A0143F /* DesignSystem.framework */; };
		A3CBF779D924E86934F23F99 /* FocalPointCore.framework in Embed Frameworks */ = {isa = PBXBuildFile; fileRef = D08FADFC56B6BA55CDE8584B /* FocalPointCore.framework */; settings = {ATTRIBUTES = (CodeSignOnCopy, RemoveHeadersOnCopy, ); }; };
		A4CEC153B5E74B900788F988 /* GCalAuthView.swift in Sources */ = {isa = PBXBuildFile; fileRef = 3EFAC2597C9FC898B785D499 /* GCalAuthView.swift */; };
		A8139E990801237089605C1C /* MascotUI.framework in Frameworks */ = {isa = PBXBuildFile; fileRef = B57136EB30F6A4E8F24ED338 /* MascotUI.framework */; };
		A82D0B8E681620AB3A155EC1 /* DebugCoachyShowcase.swift in Sources */ = {isa = PBXBuildFile; fileRef = 70D234A4A50CA07DEF10B9B8 /* DebugCoachyShowcase.swift */; };
		AC164B1CDEB8F21FF0A9BEAF /* CoachyLoadingView.swift in Sources */ = {isa = PBXBuildFile; fileRef = 559E44517FCF64E1FD67F8F5 /* CoachyLoadingView.swift */; };
		AD1E08B3F3BD1A42E8586538 /* Enforcement.swift in Sources */ = {isa = PBXBuildFile; fileRef = 67CD16CA4EFF6DDC77F82134 /* Enforcement.swift */; };
		B7F5755CE7305379729DF38A /* Palette.swift in Sources */ = {isa = PBXBuildFile; fileRef = 370EA787AC00E79720FE03E3 /* Palette.swift */; };
		BFD38AF8ACB7EB1639390C25 /* SimlishVoice.swift in Sources */ = {isa = PBXBuildFile; fileRef = CA65F7C36AE548F06D145B74 /* SimlishVoice.swift */; };
		CEE7FA4B11E2910A19CB3BCC /* CoachyState.swift in Sources */ = {isa = PBXBuildFile; fileRef = DCD769D36D299CE6205CD194 /* CoachyState.swift */; };
		D23253F2BDC501EC4372210A /* Typography.swift in Sources */ = {isa = PBXBuildFile; fileRef = E675A98D11CBE00D0DBB9F17 /* Typography.swift */; };
		D51A8100B2714B033686A859 /* OnboardingCoordinator.swift in Sources */ = {isa = PBXBuildFile; fileRef = E8ED45C7CB040703A3BA7EE1 /* OnboardingCoordinator.swift */; };
		D52C4E41542056530A431F96 /* EndToEndLoopTests.swift in Sources */ = {isa = PBXBuildFile; fileRef = 963C1092D5A3DA07A8A92A8A /* EndToEndLoopTests.swift */; };
		D76D0B53D28AAFE455D8780E /* BackgroundSync.swift in Sources */ = {isa = PBXBuildFile; fileRef = 82046C6FE32C7035FDEBB206 /* BackgroundSync.swift */; };
		D81A4529DCE360FCF4503B16 /* SoundEffectPlayer.swift in Sources */ = {isa = PBXBuildFile; fileRef = 3108753178B62D52C0288F5A /* SoundEffectPlayer.swift */; };
		E8C429A816B08120E2183A41 /* NudgeBannerView.swift in Sources */ = {isa = PBXBuildFile; fileRef = 5E899E71C4BE79A56DF0E60F /* NudgeBannerView.swift */; };
		EB920F2800558B8DD8D15646 /* CreditsWidget.swift in Sources */ = {isa = PBXBuildFile; fileRef = EFA51BBF132588F66071BFDC /* CreditsWidget.swift */; };
		ED946BE35BB735E3AC3733BC /* FocalPointCore.framework in Frameworks */ = {isa = PBXBuildFile; fileRef = D08FADFC56B6BA55CDE8584B /* FocalPointCore.framework */; };
		EF50E510502AB6003E4DBD18 /* WidgetCoreAccess.swift in Sources */ = {isa = PBXBuildFile; fileRef = C8EE01178D771B0B8382A7F1 /* WidgetCoreAccess.swift */; };
		F2488AAAC928E384757D6D41 /* NotificationDispatcher.swift in Sources */ = {isa = PBXBuildFile; fileRef = 07CC76D8843BFAAD0EBB974C /* NotificationDispatcher.swift */; };
		F597177F30AFE48C0917D8D4 /* RuleBuilderView.swift in Sources */ = {isa = PBXBuildFile; fileRef = D3739BF45659E27EF1B14CF9 /* RuleBuilderView.swift */; };
		FAB114C53463E26AAE915F51 /* RuleFiredFlyInPresenter.swift in Sources */ = {isa = PBXBuildFile; fileRef = 08306D962C24CE616FC15DAA /* RuleFiredFlyInPresenter.swift */; };
		FB83B05BCFD2B4F829A2D14D /* MascotUI.framework in Embed Frameworks */ = {isa = PBXBuildFile; fileRef = B57136EB30F6A4E8F24ED338 /* MascotUI.framework */; settings = {ATTRIBUTES = (CodeSignOnCopy, RemoveHeadersOnCopy, ); }; };
		FBAC68EA4D5DB251A467B96A /* LaunchCoachyView.swift in Sources */ = {isa = PBXBuildFile; fileRef = 86FF0EDF090F86D33FE20D1D /* LaunchCoachyView.swift */; };
		FE54ACF477E6CF59BE236925 /* HapticChoreographer.swift in Sources */ = {isa = PBXBuildFile; fileRef = 83124219175C66BACCA62119 /* HapticChoreographer.swift */; };
		AA0000000000000000000101 /* OnboardingRequirementsTests.swift in Sources */ = {isa = PBXBuildFile; fileRef = AA0000000000000000000001 /* OnboardingRequirementsTests.swift */; };
		AA0000000000000000000102 /* OnboardingCoordinator.swift in Sources */ = {isa = PBXBuildFile; fileRef = E8ED45C7CB040703A3BA7EE1 /* OnboardingCoordinator.swift */; };
		AA0000000000000000000103 /* RuleTemplates.swift in Sources */ = {isa = PBXBuildFile; fileRef = A2C7B05E6558BA5523493BE3 /* RuleTemplates.swift */; };
		AA0000000000000000000104 /* NotificationPermissionManager.swift in Sources */ = {isa = PBXBuildFile; fileRef = 333333333333333333333333 /* NotificationPermissionManager.swift */; };
		AA0000000000000000000201 /* FocalPointOnboardingUITests.swift in Sources */ = {isa = PBXBuildFile; fileRef = AA0000000000000000000200 /* FocalPointOnboardingUITests.swift */; };
		AA0000000000000000000301 /* CoverageSurfaceTests.swift in Sources */ = {isa = PBXBuildFile; fileRef = AA0000000000000000000300 /* CoverageSurfaceTests.swift */; };
		AA0000000000000000000302 /* Enforcement.framework in Frameworks */ = {isa = PBXBuildFile; fileRef = 7D961535C3D35CC128425505 /* Enforcement.framework */; };
		AA0000000000000000000303 /* Enforcement.framework in Embed Frameworks */ = {isa = PBXBuildFile; fileRef = 7D961535C3D35CC128425505 /* Enforcement.framework */; settings = {ATTRIBUTES = (CodeSignOnCopy, RemoveHeadersOnCopy, ); }; };
/* End PBXBuildFile section */

/* Begin PBXContainerItemProxy section */
		4857A01EC71DA9FB4B203F1B /* PBXContainerItemProxy */ = {
			isa = PBXContainerItemProxy;
			containerPortal = DA95DE96FAA4868986F9489D /* Project object */;
			proxyType = 1;
			remoteGlobalIDString = 61F991E5838EE655C57EE87F;
			remoteInfo = FocalPointCore;
		};
		5962916B3F6A992103B2964E /* PBXContainerItemProxy */ = {
			isa = PBXContainerItemProxy;
			containerPortal = DA95DE96FAA4868986F9489D /* Project object */;
			proxyType = 1;
			remoteGlobalIDString = 5DCED853271918BB5F1934EB;
			remoteInfo = Enforcement;
		};
		6731F6096E10FC8E826BF1E3 /* PBXContainerItemProxy */ = {
			isa = PBXContainerItemProxy;
			containerPortal = DA95DE96FAA4868986F9489D /* Project object */;
			proxyType = 1;
			remoteGlobalIDString = 61F991E5838EE655C57EE87F;
			remoteInfo = FocalPointCore;
		};
		803065460251DC459382B87C /* PBXContainerItemProxy */ = {
			isa = PBXContainerItemProxy;
			containerPortal = DA95DE96FAA4868986F9489D /* Project object */;
			proxyType = 1;
			remoteGlobalIDString = E0FF4517A9D8EC4002C22D92;
			remoteInfo = MascotUI;
		};
		8EC57ED423C88ABC0DA3AE90 /* PBXContainerItemProxy */ = {
			isa = PBXContainerItemProxy;
			containerPortal = DA95DE96FAA4868986F9489D /* Project object */;
			proxyType = 1;
			remoteGlobalIDString = 27A8BA6E47FE22B00C4EF308;
			remoteInfo = DesignSystem;
		};
		8F60C8E9431C8543347AA526 /* PBXContainerItemProxy */ = {
			isa = PBXContainerItemProxy;
			containerPortal = DA95DE96FAA4868986F9489D /* Project object */;
			proxyType = 1;
			remoteGlobalIDString = 27A8BA6E47FE22B00C4EF308;
			remoteInfo = DesignSystem;
		};
		A4BEEC7082A0B416DE7E059A /* PBXContainerItemProxy */ = {
			isa = PBXContainerItemProxy;
			containerPortal = DA95DE96FAA4868986F9489D /* Project object */;
			proxyType = 1;
			remoteGlobalIDString = 61F991E5838EE655C57EE87F;
			remoteInfo = FocalPointCore;
		};
		B150722D3CC3AC36A19C895B /* PBXContainerItemProxy */ = {
			isa = PBXContainerItemProxy;
			containerPortal = DA95DE96FAA4868986F9489D /* Project object */;
			proxyType = 1;
			remoteGlobalIDString = 27A8BA6E47FE22B00C4EF308;
			remoteInfo = DesignSystem;
		};
		C35897C3891ABD95FDCFC57B /* PBXContainerItemProxy */ = {
			isa = PBXContainerItemProxy;
			containerPortal = DA95DE96FAA4868986F9489D /* Project object */;
			proxyType = 1;
			remoteGlobalIDString = 61F991E5838EE655C57EE87F;
			remoteInfo = FocalPointCore;
		};
		C8FE25CF5945039839F1B8FA /* PBXContainerItemProxy */ = {
			isa = PBXContainerItemProxy;
			containerPortal = DA95DE96FAA4868986F9489D /* Project object */;
			proxyType = 1;
			remoteGlobalIDString = E0FF4517A9D8EC4002C22D92;
			remoteInfo = MascotUI;
		};
		F342FF7F3AD64EA4AC09EEA1 /* PBXContainerItemProxy */ = {
			isa = PBXContainerItemProxy;
			containerPortal = DA95DE96FAA4868986F9489D /* Project object */;
			proxyType = 1;
			remoteGlobalIDString = 27A8BA6E47FE22B00C4EF308;
			remoteInfo = DesignSystem;
		};
		AA0000000000000000000207 /* PBXContainerItemProxy */ = {
			isa = PBXContainerItemProxy;
			containerPortal = DA95DE96FAA4868986F9489D /* Project object */;
			proxyType = 1;
			remoteGlobalIDString = 992868882921D869A4C2E23B;
			remoteInfo = FocalPointApp;
		};
/* End PBXContainerItemProxy section */

/* Begin PBXCopyFilesBuildPhase section */
		A0DB4EACD3CF2D96A9B8869A /* Embed Frameworks */ = {
			isa = PBXCopyFilesBuildPhase;
			buildActionMask = 2147483647;
			dstPath = "";
			dstSubfolderSpec = 10;
			files = (
				94C629C018BE8FBB1BE97695 /* FocusFFI.xcframework in Embed Frameworks */,
			);
			name = "Embed Frameworks";
			runOnlyForDeploymentPostprocessing = 0;
		};
		A84D6ABF596B5F8B7EAB1BEA /* Embed Frameworks */ = {
			isa = PBXCopyFilesBuildPhase;
			buildActionMask = 2147483647;
			dstPath = "";
			dstSubfolderSpec = 10;
			files = (
				9938F74F96928DA338CB9E27 /* FocalPointCore.framework in Embed Frameworks */,
				32B41F6047931499A79B5A79 /* DesignSystem.framework in Embed Frameworks */,
				1F672FAB6E128DEE81D6CCA9 /* MascotUI.framework in Embed Frameworks */,
				AA0000000000000000000303 /* Enforcement.framework in Embed Frameworks */,
			);
			name = "Embed Frameworks";
			runOnlyForDeploymentPostprocessing = 0;
		};
		F7E53518AF659A1E908ECD9A /* Embed Frameworks */ = {
			isa = PBXCopyFilesBuildPhase;
			buildActionMask = 2147483647;
			dstPath = "";
			dstSubfolderSpec = 10;
			files = (
				5C5B58D9CD3E99BACEE91924 /* DesignSystem.framework in Embed Frameworks */,
				FB83B05BCFD2B4F829A2D14D /* MascotUI.framework in Embed Frameworks */,
				736F1CFCF468288599AC1C46 /* Enforcement.framework in Embed Frameworks */,
				A3CBF779D924E86934F23F99 /* FocalPointCore.framework in Embed Frameworks */,
			);
			name = "Embed Frameworks";
			runOnlyForDeploymentPostprocessing = 0;
		};
/* End PBXCopyFilesBuildPhase section */

/* Begin PBXFileReference section */
		02CD2B630A909A462EE05AED /* OnboardingViewV2.swift */ = {isa = PBXFileReference; lastKnownFileType = sourcecode.swift; path = OnboardingViewV2.swift; sourceTree = "<group>"; };
		D11111111111111111111111 /* PermissionsStep.swift */ = {isa = PBXFileReference; lastKnownFileType = sourcecode.swift; path = PermissionsStep.swift; sourceTree = "<group>"; };
		048CEB4766F38276EE3DE89D /* RuleTemplateLibraryView.swift */ = {isa = PBXFileReference; lastKnownFileType = sourcecode.swift; path = RuleTemplateLibraryView.swift; sourceTree = "<group>"; };
		07CC76D8843BFAAD0EBB974C /* NotificationDispatcher.swift */ = {isa = PBXFileReference; lastKnownFileType = sourcecode.swift; path = NotificationDispatcher.swift; sourceTree = "<group>"; };
		444444444444444444444444 /* MenuCommands.swift */ = {isa = PBXFileReference; lastKnownFileType = sourcecode.swift; path = Input/MenuCommands.swift; sourceTree = "<group>"; };
		08306D962C24CE616FC15DAA /* RuleFiredFlyInPresenter.swift */ = {isa = PBXFileReference; lastKnownFileType = sourcecode.swift; path = RuleFiredFlyInPresenter.swift; sourceTree = "<group>"; };
		0C00B2676A6018DA80F558C9 /* FocusSessionLiveActivity.swift */ = {isa = PBXFileReference; lastKnownFileType = sourcecode.swift; path = FocusSessionLiveActivity.swift; sourceTree = "<group>"; };
		0CE0CFF1EA726A7A288B03F2 /* TodayBriefWidget.swift */ = {isa = PBXFileReference; lastKnownFileType = sourcecode.swift; path = TodayBriefWidget.swift; sourceTree = "<group>"; };
		555555555555555555555555 /* KeyboardShortcuts.swift */ = {isa = PBXFileReference; lastKnownFileType = sourcecode.swift; path = Input/KeyboardShortcuts.swift; sourceTree = "<group>"; };
		13F0B87C927E9CAD1BB6CA93 /* StoreKit2Manager.swift */ = {isa = PBXFileReference; lastKnownFileType = sourcecode.swift; path = StoreKit2Manager.swift; sourceTree = "<group>"; };
		15A31F7F6CF3AD2C7D62E9D8 /* RuleFiredFlyIn.swift */ = {isa = PBXFileReference; lastKnownFileType = sourcecode.swift; path = RuleFiredFlyIn.swift; sourceTree = "<group>"; };
		162E3E714E65202BD1C765FF /* RuleDetailView.swift */ = {isa = PBXFileReference; lastKnownFileType = sourcecode.swift; path = RuleDetailView.swift; sourceTree = "<group>"; };
		193B8D2F7F43CE9073857676 /* GitHubAuthView.swift */ = {isa = PBXFileReference; lastKnownFileType = sourcecode.swift; path = GitHubAuthView.swift; sourceTree = "<group>"; };
		1A1833AE570219A102030627 /* CoachyTabView.swift */ = {isa = PBXFileReference; lastKnownFileType = sourcecode.swift; path = CoachyTabView.swift; sourceTree = "<group>"; };
		1F0CD08BDE5ADD6F743EB8B6 /* CoachyBridging.swift */ = {isa = PBXFileReference; lastKnownFileType = sourcecode.swift; path = CoachyBridging.swift; sourceTree = "<group>"; };
		2E835CF0193FF8408D374ECB /* SettingsView.swift */ = {isa = PBXFileReference; lastKnownFileType = sourcecode.swift; path = SettingsView.swift; sourceTree = "<group>"; };
		211111111111111111111111 /* PermissionsSettingsView.swift */ = {isa = PBXFileReference; lastKnownFileType = sourcecode.swift; path = PermissionsSettingsView.swift; sourceTree = "<group>"; };
		221111111111111111111111 /* DataDeletionView.swift */ = {isa = PBXFileReference; lastKnownFileType = sourcecode.swift; path = DataDeletionView.swift; sourceTree = "<group>"; };
		231111111111111111111111 /* SupportView.swift */ = {isa = PBXFileReference; lastKnownFileType = sourcecode.swift; path = SupportView.swift; sourceTree = "<group>"; };
		241111111111111111111111 /* KeyboardShortcutsSheetView.swift */ = {isa = PBXFileReference; lastKnownFileType = sourcecode.swift; path = KeyboardShortcutsSheetView.swift; sourceTree = "<group>"; };
		251111111111111111111111 /* WritingToolsIntegration.swift */ = {isa = PBXFileReference; lastKnownFileType = sourcecode.swift; path = Sources/FocalPointApp/AI/WritingToolsIntegration.swift; sourceTree = "<group>"; };
		2F5A23780AA5D67C460E73C8 /* Info.plist */ = {isa = PBXFileReference; lastKnownFileType = text.plist; path = Info.plist; sourceTree = "<group>"; };
		3053B8BAD298720F5363C8A9 /* README.md */ = {isa = PBXFileReference; lastKnownFileType = net.daringfireball.markdown; path = README.md; sourceTree = "<group>"; };
		3108753178B62D52C0288F5A /* SoundEffectPlayer.swift */ = {isa = PBXFileReference; lastKnownFileType = sourcecode.swift; path = SoundEffectPlayer.swift; sourceTree = "<group>"; };
		330FC2AC017948F25BD2A41A /* FocalPointIntegrationTests.xctest */ = {isa = PBXFileReference; includeInIndex = 0; lastKnownFileType = wrapper.cfbundle; path = FocalPointIntegrationTests.xctest; sourceTree = BUILT_PRODUCTS_DIR; };
		370EA787AC00E79720FE03E3 /* Palette.swift */ = {isa = PBXFileReference; lastKnownFileType = sourcecode.swift; path = Palette.swift; sourceTree = "<group>"; };
		3D4A0B5012316FB33BB9E51E /* PRIVACY.md */ = {isa = PBXFileReference; lastKnownFileType = net.daringfireball.markdown; path = PRIVACY.md; sourceTree = "<group>"; };
		3EFAC2597C9FC898B785D499 /* GCalAuthView.swift */ = {isa = PBXFileReference; lastKnownFileType = sourcecode.swift; path = GCalAuthView.swift; sourceTree = "<group>"; };
		447F150321EDB268E5B6A29D /* MarkdownView.swift */ = {isa = PBXFileReference; lastKnownFileType = sourcecode.swift; path = MarkdownView.swift; sourceTree = "<group>"; };
		459C0C0A801D3FC4E8C7FE12 /* PrivacyInfo.xcprivacy */ = {isa = PBXFileReference; path = PrivacyInfo.xcprivacy; sourceTree = "<group>"; };
		4C4DF16998A74D5A8EC7C268 /* ActivityView.swift */ = {isa = PBXFileReference; lastKnownFileType = sourcecode.swift; path = ActivityView.swift; sourceTree = "<group>"; };
		4C929901AED6C2E054BB2BA6 /* Localizable.xcstrings */ = {isa = PBXFileReference; lastKnownFileType = text.json.xcstrings; path = Localizable.xcstrings; sourceTree = "<group>"; };
		4D083D01E317502E4EC193D0 /* WalletView.swift */ = {isa = PBXFileReference; lastKnownFileType = sourcecode.swift; path = WalletView.swift; sourceTree = "<group>"; };
		533EA47AFB4E0DC9036B80B5 /* CoreHolder.swift */ = {isa = PBXFileReference; lastKnownFileType = sourcecode.swift; path = CoreHolder.swift; sourceTree = "<group>"; };
		559E44517FCF64E1FD67F8F5 /* CoachyLoadingView.swift */ = {isa = PBXFileReference; lastKnownFileType = sourcecode.swift; path = CoachyLoadingView.swift; sourceTree = "<group>"; };
		5D01159525B3F53C24ED2D62 /* FocalPointApp.entitlements */ = {isa = PBXFileReference; lastKnownFileType = text.plist.entitlements; path = FocalPointApp.entitlements; sourceTree = "<group>"; };
		5E899E71C4BE79A56DF0E60F /* NudgeBannerView.swift */ = {isa = PBXFileReference; lastKnownFileType = sourcecode.swift; path = NudgeBannerView.swift; sourceTree = "<group>"; };
		67CD16CA4EFF6DDC77F82134 /* Enforcement.swift */ = {isa = PBXFileReference; lastKnownFileType = sourcecode.swift; path = Enforcement.swift; sourceTree = "<group>"; };
		686FD85DD0C7FE4063B76C06 /* FeatureGateHelper.swift */ = {isa = PBXFileReference; lastKnownFileType = sourcecode.swift; path = FeatureGateHelper.swift; sourceTree = "<group>"; };
		A11111111111111111111111 /* PermissionsSettingsView.swift */ = {isa = PBXFileReference; lastKnownFileType = sourcecode.swift; path = PermissionsSettingsView.swift; sourceTree = "<group>"; };
		A11111111111111111111112 /* DataDeletionView.swift */ = {isa = PBXFileReference; lastKnownFileType = sourcecode.swift; path = DataDeletionView.swift; sourceTree = "<group>"; };
		A11111111111111111111113 /* SupportView.swift */ = {isa = PBXFileReference; lastKnownFileType = sourcecode.swift; path = SupportView.swift; sourceTree = "<group>"; };
		A11111111111111111111114 /* KeyboardShortcutsSheetView.swift */ = {isa = PBXFileReference; lastKnownFileType = sourcecode.swift; path = KeyboardShortcutsSheetView.swift; sourceTree = "<group>"; };
		A11111111111111111111115 /* WritingToolsIntegration.swift */ = {isa = PBXFileReference; lastKnownFileType = sourcecode.swift; path = WritingToolsIntegration.swift; sourceTree = "<group>"; };
		A11111111111111111111116 /* MorningBriefRewriter.swift */ = {isa = PBXFileReference; lastKnownFileType = sourcecode.swift; path = MorningBriefRewriter.swift; sourceTree = "<group>"; };
		333333333333333333333333 /* NotificationPermissionManager.swift */ = {isa = PBXFileReference; lastKnownFileType = sourcecode.swift; path = Notifications/NotificationPermissionManager.swift; sourceTree = "<group>"; };
		222222222222222222222222 /* OnboardingResumeState.swift */ = {isa = PBXFileReference; lastKnownFileType = sourcecode.swift; path = OnboardingResumeState.swift; sourceTree = "<group>"; };
		111111111111111111111111 /* ResumeOnboardingView.swift */ = {isa = PBXFileReference; lastKnownFileType = sourcecode.swift; path = ResumeOnboardingView.swift; sourceTree = "<group>"; };
		6CBD15041A7A7B9F01C28981 /* CanvasAuthView.swift */ = {isa = PBXFileReference; lastKnownFileType = sourcecode.swift; path = CanvasAuthView.swift; sourceTree = "<group>"; };
		6CD51880C03F201EDCDB5316 /* FocalPointWidget.swift */ = {isa = PBXFileReference; lastKnownFileType = sourcecode.swift; path = FocalPointWidget.swift; sourceTree = "<group>"; };
		707546062D8080BE11AB50EB /* TemplateLibraryView.swift */ = {isa = PBXFileReference; lastKnownFileType = sourcecode.swift; path = TemplateLibraryView.swift; sourceTree = "<group>"; };
		70D234A4A50CA07DEF10B9B8 /* DebugCoachyShowcase.swift */ = {isa = PBXFileReference; lastKnownFileType = sourcecode.swift; path = DebugCoachyShowcase.swift; sourceTree = "<group>"; };
		747AC761871F4243BACB197D /* FocalPointWidget.entitlements */ = {isa = PBXFileReference; lastKnownFileType = text.plist.entitlements; path = FocalPointWidget.entitlements; sourceTree = "<group>"; };
		74EE9496FF6B3BB00A66539F /* Info.plist */ = {isa = PBXFileReference; lastKnownFileType = text.plist; path = Info.plist; sourceTree = "<group>"; };
		76C80746002D8C01644BC3D3 /* FocalPointCore.swift */ = {isa = PBXFileReference; lastKnownFileType = sourcecode.swift; path = FocalPointCore.swift; sourceTree = "<group>"; };
		77D0ADD81F9C69F806A65DBA /* RulesListView.swift */ = {isa = PBXFileReference; lastKnownFileType = sourcecode.swift; path = RulesListView.swift; sourceTree = "<group>"; };
		7D961535C3D35CC128425505 /* Enforcement.framework */ = {isa = PBXFileReference; explicitFileType = wrapper.framework; includeInIndex = 0; path = Enforcement.framework; sourceTree = BUILT_PRODUCTS_DIR; };
		7DD719619FBC61E94CE54B0F /* EntitlementModel.swift */ = {isa = PBXFileReference; lastKnownFileType = sourcecode.swift; path = EntitlementModel.swift; sourceTree = "<group>"; };
		82046C6FE32C7035FDEBB206 /* BackgroundSync.swift */ = {isa = PBXFileReference; lastKnownFileType = sourcecode.swift; path = BackgroundSync.swift; sourceTree = "<group>"; };
		8266432072D887D4FD9D4C5A /* focus_ffi.swift */ = {isa = PBXFileReference; lastKnownFileType = sourcecode.swift; path = focus_ffi.swift; sourceTree = "<group>"; };
		83124219175C66BACCA62119 /* HapticChoreographer.swift */ = {isa = PBXFileReference; lastKnownFileType = sourcecode.swift; path = HapticChoreographer.swift; sourceTree = "<group>"; };
		86FF0EDF090F86D33FE20D1D /* LaunchCoachyView.swift */ = {isa = PBXFileReference; lastKnownFileType = sourcecode.swift; path = LaunchCoachyView.swift; sourceTree = "<group>"; };
		8ACCFE70DEAE32240C7FBDC2 /* EventKitCalendarHost.swift */ = {isa = PBXFileReference; lastKnownFileType = sourcecode.swift; path = EventKitCalendarHost.swift; sourceTree = "<group>"; };
		8AF5BF5A39349D2ED164B3AA /* CoachyScene.swift */ = {isa = PBXFileReference; lastKnownFileType = sourcecode.swift; path = CoachyScene.swift; sourceTree = "<group>"; };
		8EA67E236719879CE3C21943 /* TasksView.swift */ = {isa = PBXFileReference; lastKnownFileType = sourcecode.swift; path = TasksView.swift; sourceTree = "<group>"; };
		8FFE28734B8BA5F70FB85A23 /* CoachyAnimationEngine.swift */ = {isa = PBXFileReference; lastKnownFileType = sourcecode.swift; path = CoachyAnimationEngine.swift; sourceTree = "<group>"; };
		963C1092D5A3DA07A8A92A8A /* EndToEndLoopTests.swift */ = {isa = PBXFileReference; lastKnownFileType = sourcecode.swift; path = EndToEndLoopTests.swift; sourceTree = "<group>"; };
		9A0241A4CB6D3F486C0E250D /* FamilyControlsStatusView.swift */ = {isa = PBXFileReference; lastKnownFileType = sourcecode.swift; path = FamilyControlsStatusView.swift; sourceTree = "<group>"; };
		A0FD4D8BC3A64507E8DC4C87 /* PrivacyInfo.xcprivacy */ = {isa = PBXFileReference; path = PrivacyInfo.xcprivacy; sourceTree = "<group>"; };
		A2C7B05E6558BA5523493BE3 /* RuleTemplates.swift */ = {isa = PBXFileReference; lastKnownFileType = sourcecode.swift; path = RuleTemplates.swift; sourceTree = "<group>"; };
		A7F5D6AB0F1A105689281F03 /* HomeView.swift */ = {isa = PBXFileReference; lastKnownFileType = sourcecode.swift; path = HomeView.swift; sourceTree = "<group>"; };
		B01EE33846DEBE032507ED83 /* SentrySetup.swift */ = {isa = PBXFileReference; lastKnownFileType = sourcecode.swift; path = SentrySetup.swift; sourceTree = "<group>"; };
		B3C632AD6822C9C3496EBDC0 /* FocalPointWidget.appex */ = {isa = PBXFileReference; includeInIndex = 0; lastKnownFileType = "wrapper.app-extension"; path = FocalPointWidget.appex; sourceTree = BUILT_PRODUCTS_DIR; };
		B57136EB30F6A4E8F24ED338 /* MascotUI.framework */ = {isa = PBXFileReference; explicitFileType = wrapper.framework; includeInIndex = 0; path = MascotUI.framework; sourceTree = BUILT_PRODUCTS_DIR; };
		B73F5CAEB4F797617027564A /* FocusFFI.xcframework */ = {isa = PBXFileReference; lastKnownFileType = wrapper.xcframework; name = FocusFFI.xcframework; path = Frameworks/FocusFFI.xcframework; sourceTree = "<group>"; };
		BF26A4482A5225ED30FE5539 /* RitualsView.swift */ = {isa = PBXFileReference; lastKnownFileType = sourcecode.swift; path = RitualsView.swift; sourceTree = "<group>"; };
		C3E785682DED78141AEF7B83 /* CoachyView.swift */ = {isa = PBXFileReference; lastKnownFileType = sourcecode.swift; path = CoachyView.swift; sourceTree = "<group>"; };
		C7E265BB402E943AD00453AC /* TERMS.md */ = {isa = PBXFileReference; lastKnownFileType = net.daringfireball.markdown; path = TERMS.md; sourceTree = "<group>"; };
		C8EE01178D771B0B8382A7F1 /* WidgetCoreAccess.swift */ = {isa = PBXFileReference; lastKnownFileType = sourcecode.swift; path = WidgetCoreAccess.swift; sourceTree = "<group>"; };
		CA65F7C36AE548F06D145B74 /* SimlishVoice.swift */ = {isa = PBXFileReference; lastKnownFileType = sourcecode.swift; path = SimlishVoice.swift; sourceTree = "<group>"; };
		D08FADFC56B6BA55CDE8584B /* FocalPointCore.framework */ = {isa = PBXFileReference; explicitFileType = wrapper.framework; includeInIndex = 0; path = FocalPointCore.framework; sourceTree = BUILT_PRODUCTS_DIR; };
		D2AF50018F2D523969AF1FC5 /* FocusModeView.swift */ = {isa = PBXFileReference; lastKnownFileType = sourcecode.swift; path = FocusModeView.swift; sourceTree = "<group>"; };
		D3739BF45659E27EF1B14CF9 /* RuleBuilderView.swift */ = {isa = PBXFileReference; lastKnownFileType = sourcecode.swift; path = RuleBuilderView.swift; sourceTree = "<group>"; };
		D82334F2DC656DCB46A0143F /* DesignSystem.framework */ = {isa = PBXFileReference; explicitFileType = wrapper.framework; includeInIndex = 0; path = DesignSystem.framework; sourceTree = BUILT_PRODUCTS_DIR; };
		DCD769D36D299CE6205CD194 /* CoachyState.swift */ = {isa = PBXFileReference; lastKnownFileType = sourcecode.swift; path = CoachyState.swift; sourceTree = "<group>"; };
		DF5D334BB5E83B3587D94C95 /* PaywallView.swift */ = {isa = PBXFileReference; lastKnownFileType = sourcecode.swift; path = PaywallView.swift; sourceTree = "<group>"; };
		E33C9CB8B3B9F6479A8EB842 /* FocalPointApp.app */ = {isa = PBXFileReference; includeInIndex = 0; lastKnownFileType = wrapper.application; path = FocalPointApp.app; sourceTree = BUILT_PRODUCTS_DIR; };
		E358289E467D934FEC6576D5 /* RuleFiredFlyInView.swift */ = {isa = PBXFileReference; lastKnownFileType = sourcecode.swift; path = RuleFiredFlyInView.swift; sourceTree = "<group>"; };
		E5985ECA332E4E30FCD65AE3 /* StatsView.swift */ = {isa = PBXFileReference; lastKnownFileType = sourcecode.swift; path = StatsView.swift; sourceTree = "<group>"; };
		E5D020ED3DE71B7589CCDD66 /* FocalPointApp.swift */ = {isa = PBXFileReference; lastKnownFileType = sourcecode.swift; path = FocalPointApp.swift; sourceTree = "<group>"; };
		E6473C025E5BD2E4C731F0AD /* SOUND_SOURCES.md */ = {isa = PBXFileReference; lastKnownFileType = net.daringfireball.markdown; path = SOUND_SOURCES.md; sourceTree = "<group>"; };
		E675A98D11CBE00D0DBB9F17 /* Typography.swift */ = {isa = PBXFileReference; lastKnownFileType = sourcecode.swift; path = Typography.swift; sourceTree = "<group>"; };
		E8ED45C7CB040703A3BA7EE1 /* OnboardingCoordinator.swift */ = {isa = PBXFileReference; lastKnownFileType = sourcecode.swift; path = OnboardingCoordinator.swift; sourceTree = "<group>"; };
		ED5315062DC5BB265702D200 /* OnboardingView.swift */ = {isa = PBXFileReference; lastKnownFileType = sourcecode.swift; path = OnboardingView.swift; sourceTree = "<group>"; };
		EFA51BBF132588F66071BFDC /* CreditsWidget.swift */ = {isa = PBXFileReference; lastKnownFileType = sourcecode.swift; path = CreditsWidget.swift; sourceTree = "<group>"; };
		F7A27120F51078F0D465CC5E /* CloudKitSync.swift */ = {isa = PBXFileReference; lastKnownFileType = sourcecode.swift; path = CloudKitSync.swift; sourceTree = "<group>"; };
		F7F220CD23B4E71CA626FFE8 /* Assets.xcassets */ = {isa = PBXFileReference; lastKnownFileType = folder.assetcatalog; path = Assets.xcassets; sourceTree = "<group>"; };
		AA0000000000000000000001 /* OnboardingRequirementsTests.swift */ = {isa = PBXFileReference; lastKnownFileType = sourcecode.swift; path = OnboardingRequirementsTests.swift; sourceTree = "<group>"; };
		AA0000000000000000000200 /* FocalPointOnboardingUITests.swift */ = {isa = PBXFileReference; lastKnownFileType = sourcecode.swift; path = FocalPointOnboardingUITests.swift; sourceTree = "<group>"; };
		AA0000000000000000000300 /* CoverageSurfaceTests.swift */ = {isa = PBXFileReference; lastKnownFileType = sourcecode.swift; path = CoverageSurfaceTests.swift; sourceTree = "<group>"; };
		AA0000000000000000000202 /* FocalPointUITests.xctest */ = {isa = PBXFileReference; includeInIndex = 0; lastKnownFileType = wrapper.cfbundle; path = FocalPointUITests.xctest; sourceTree = BUILT_PRODUCTS_DIR; };
/* End PBXFileReference section */

/* Begin PBXFrameworksBuildPhase section */
		0B867FA41EACC87E408741E8 /* Frameworks */ = {
			isa = PBXFrameworksBuildPhase;
			buildActionMask = 2147483647;
			files = (
				4E51C25B76C408695EEB99BF /* FocalPointCore.framework in Frameworks */,
			);
			runOnlyForDeploymentPostprocessing = 0;
		};
		3CC03DDF1FAE2438CEFEACDF /* Frameworks */ = {
			isa = PBXFrameworksBuildPhase;
			buildActionMask = 2147483647;
			files = (
				72E1A6249AB559D0BA461C43 /* DesignSystem.framework in Frameworks */,
			);
			runOnlyForDeploymentPostprocessing = 0;
		};
		4D97EF121191E6E0351C7615 /* Frameworks */ = {
			isa = PBXFrameworksBuildPhase;
			buildActionMask = 2147483647;
			files = (
				797092FEB48408BD0A36C786 /* FocusFFI.xcframework in Frameworks */,
			);
			runOnlyForDeploymentPostprocessing = 0;
		};
		A7F1DA66A2A4BB67D95011ED /* Frameworks */ = {
			isa = PBXFrameworksBuildPhase;
			buildActionMask = 2147483647;
			files = (
				9E2B5CDD3C25AE73D8EB47B6 /* DesignSystem.framework in Frameworks */,
				ED946BE35BB735E3AC3733BC /* FocalPointCore.framework in Frameworks */,
			);
			runOnlyForDeploymentPostprocessing = 0;
		};
		CDC51295F2789421B7FEA8C7 /* Frameworks */ = {
			isa = PBXFrameworksBuildPhase;
			buildActionMask = 2147483647;
			files = (
				8991597F6A0D4A9F1141FE43 /* FocalPointCore.framework in Frameworks */,
				47ED23975206E0BA6EC88C05 /* DesignSystem.framework in Frameworks */,
				76FA28BB14890C7B00816B36 /* MascotUI.framework in Frameworks */,
				AA0000000000000000000302 /* Enforcement.framework in Frameworks */,
			);
			runOnlyForDeploymentPostprocessing = 0;
		};
		FDA7D1E0558FEBEB989F5D57 /* Frameworks */ = {
			isa = PBXFrameworksBuildPhase;
			buildActionMask = 2147483647;
			files = (
				161CCF2B4CF6577AE92A23FA /* DesignSystem.framework in Frameworks */,
				A8139E990801237089605C1C /* MascotUI.framework in Frameworks */,
				5601823FFFADACBD01A461E5 /* Enforcement.framework in Frameworks */,
				6AE788CE82618F2B67C62B86 /* FocalPointCore.framework in Frameworks */,
			);
			runOnlyForDeploymentPostprocessing = 0;
		};
		AA0000000000000000000204 /* Frameworks */ = {
			isa = PBXFrameworksBuildPhase;
			buildActionMask = 2147483647;
			files = (
			);
			runOnlyForDeploymentPostprocessing = 0;
		};
/* End PBXFrameworksBuildPhase section */

/* Begin PBXGroup section */
		066BC51AFCA19E5555C70799 /* Entitlements */ = {
			isa = PBXGroup;
			children = (
				7DD719619FBC61E94CE54B0F /* EntitlementModel.swift */,
				686FD85DD0C7FE4063B76C06 /* FeatureGateHelper.swift */,
				DF5D334BB5E83B3587D94C95 /* PaywallView.swift */,
				13F0B87C927E9CAD1BB6CA93 /* StoreKit2Manager.swift */,
			);
			path = Entitlements;
			sourceTree = "<group>";
		};
		06CB7D1AF2C646D75B1E3BF4 /* FocalPointCore */ = {
			isa = PBXGroup;
			children = (
				76C80746002D8C01644BC3D3 /* FocalPointCore.swift */,
				8266432072D887D4FD9D4C5A /* focus_ffi.swift */,
			);
			name = FocalPointCore;
			path = Sources/FocalPointCore;
			sourceTree = "<group>";
		};
		100D2AA8D491F47FF392CB1D /* Enforcement */ = {
			isa = PBXGroup;
			children = (
				67CD16CA4EFF6DDC77F82134 /* Enforcement.swift */,
			);
			name = Enforcement;
			path = Sources/Enforcement;
			sourceTree = "<group>";
		};
		29FA8E2C13AC9B11E3B2A7E0 /* DesignSystem */ = {
			isa = PBXGroup;
			children = (
				447F150321EDB268E5B6A29D /* MarkdownView.swift */,
				370EA787AC00E79720FE03E3 /* Palette.swift */,
				E675A98D11CBE00D0DBB9F17 /* Typography.swift */,
			);
			name = DesignSystem;
			path = Sources/DesignSystem;
			sourceTree = "<group>";
		};
		46C256B7FDF94018FE26EB90 /* Frameworks */ = {
			isa = PBXGroup;
			children = (
				B73F5CAEB4F797617027564A /* FocusFFI.xcframework */,
			);
			name = Frameworks;
			sourceTree = "<group>";
		};
		46FA45D7588012032FB8BE2D /* FocalPointIntegrationTests */ = {
			isa = PBXGroup;
			children = (
				963C1092D5A3DA07A8A92A8A /* EndToEndLoopTests.swift */,
				AA0000000000000000000001 /* OnboardingRequirementsTests.swift */,
				AA0000000000000000000300 /* CoverageSurfaceTests.swift */,
			);
			name = FocalPointIntegrationTests;
			path = Tests/FocalPointIntegrationTests;
			sourceTree = "<group>";
		};
		48D6C7B4F446B9734EA0DB8D /* Legal */ = {
			isa = PBXGroup;
			children = (
				3D4A0B5012316FB33BB9E51E /* PRIVACY.md */,
				C7E265BB402E943AD00453AC /* TERMS.md */,
			);
			path = Legal;
			sourceTree = "<group>";
		};
		640BEF464435B28B9F338D9C /* MascotUI */ = {
			isa = PBXGroup;
			children = (
				8FFE28734B8BA5F70FB85A23 /* CoachyAnimationEngine.swift */,
				559E44517FCF64E1FD67F8F5 /* CoachyLoadingView.swift */,
				8AF5BF5A39349D2ED164B3AA /* CoachyScene.swift */,
				DCD769D36D299CE6205CD194 /* CoachyState.swift */,
				C3E785682DED78141AEF7B83 /* CoachyView.swift */,
				D0BC4A5B3BC6C139F19DC5D4 /* Audio */,
				C7257BB764CCFB5506D727C9 /* Haptics */,
				A62720955C2BE150E4BD93CD /* Voice */,
			);
			name = MascotUI;
			path = Sources/MascotUI;
			sourceTree = "<group>";
		};
		7423457B7A9F1E2C36883ECE /* Onboarding */ = {
			isa = PBXGroup;
			children = (
				E8ED45C7CB040703A3BA7EE1 /* OnboardingCoordinator.swift */,
				ED5315062DC5BB265702D200 /* OnboardingView.swift */,
				02CD2B630A909A462EE05AED /* OnboardingViewV2.swift */,
				D11111111111111111111111 /* PermissionsStep.swift */,
			);
			path = Onboarding;
			sourceTree = "<group>";
		};
		79E8384528358D8C76B61CFC /* Audio */ = {
			isa = PBXGroup;
			children = (
				3053B8BAD298720F5363C8A9 /* README.md */,
				E6473C025E5BD2E4C731F0AD /* SOUND_SOURCES.md */,
			);
			path = Audio;
			sourceTree = "<group>";
		};
		8EBF095CDF43C284C0F7CEE2 /* FocalPointApp */ = {
			isa = PBXGroup;
			children = (
				82046C6FE32C7035FDEBB206 /* BackgroundSync.swift */,
				F7A27120F51078F0D465CC5E /* CloudKitSync.swift */,
				1F0CD08BDE5ADD6F743EB8B6 /* CoachyBridging.swift */,
				533EA47AFB4E0DC9036B80B5 /* CoreHolder.swift */,
				5D01159525B3F53C24ED2D62 /* FocalPointApp.entitlements */,
				E5D020ED3DE71B7589CCDD66 /* FocalPointApp.swift */,
				2F5A23780AA5D67C460E73C8 /* Info.plist */,
				07CC76D8843BFAAD0EBB974C /* NotificationDispatcher.swift */,
				444444444444444444444444 /* MenuCommands.swift */,
				555555555555555555555555 /* KeyboardShortcuts.swift */,
				333333333333333333333333 /* NotificationPermissionManager.swift */,
				15A31F7F6CF3AD2C7D62E9D8 /* RuleFiredFlyIn.swift */,
				08306D962C24CE616FC15DAA /* RuleFiredFlyInPresenter.swift */,
				B01EE33846DEBE032507ED83 /* SentrySetup.swift */,
				9247005DB52DB045C436829A /* Adapters */,
				066BC51AFCA19E5555C70799 /* Entitlements */,
				C11111111111111111111111 /* AI */,
				7423457B7A9F1E2C36883ECE /* Onboarding */,
				B2697BDDC8F5DE9B476ECA40 /* Resources */,
				9187480C960E9CEB2B095288 /* Rules */,
				9CF5495C87E711C694F27B5E /* Settings */,
				94BEEA1F293747079EC63B18 /* Views */,
			);
			name = FocalPointApp;
			path = Sources/FocalPointApp;
			sourceTree = "<group>";
		};
		9187480C960E9CEB2B095288 /* Rules */ = {
			isa = PBXGroup;
			children = (
				D3739BF45659E27EF1B14CF9 /* RuleBuilderView.swift */,
				162E3E714E65202BD1C765FF /* RuleDetailView.swift */,
				77D0ADD81F9C69F806A65DBA /* RulesListView.swift */,
				048CEB4766F38276EE3DE89D /* RuleTemplateLibraryView.swift */,
				A2C7B05E6558BA5523493BE3 /* RuleTemplates.swift */,
				707546062D8080BE11AB50EB /* TemplateLibraryView.swift */,
			);
			path = Rules;
			sourceTree = "<group>";
		};
		9247005DB52DB045C436829A /* Adapters */ = {
			isa = PBXGroup;
			children = (
				8ACCFE70DEAE32240C7FBDC2 /* EventKitCalendarHost.swift */,
			);
			path = Adapters;
			sourceTree = "<group>";
		};
		94BEEA1F293747079EC63B18 /* Views */ = {
			isa = PBXGroup;
			children = (
				4C4DF16998A74D5A8EC7C268 /* ActivityView.swift */,
				1A1833AE570219A102030627 /* CoachyTabView.swift */,
				70D234A4A50CA07DEF10B9B8 /* DebugCoachyShowcase.swift */,
				D2AF50018F2D523969AF1FC5 /* FocusModeView.swift */,
				A7F5D6AB0F1A105689281F03 /* HomeView.swift */,
				86FF0EDF090F86D33FE20D1D /* LaunchCoachyView.swift */,
				5E899E71C4BE79A56DF0E60F /* NudgeBannerView.swift */,
				BF26A4482A5225ED30FE5539 /* RitualsView.swift */,
				E358289E467D934FEC6576D5 /* RuleFiredFlyInView.swift */,
				E5985ECA332E4E30FCD65AE3 /* StatsView.swift */,
				8EA67E236719879CE3C21943 /* TasksView.swift */,
				4D083D01E317502E4EC193D0 /* WalletView.swift */,
			);
			path = Views;
			sourceTree = "<group>";
		};
		99764B40EF7681F7A0D90619 /* Resources */ = {
			isa = PBXGroup;
			children = (
				F7F220CD23B4E71CA626FFE8 /* Assets.xcassets */,
				A0FD4D8BC3A64507E8DC4C87 /* PrivacyInfo.xcprivacy */,
				79E8384528358D8C76B61CFC /* Audio */,
				48D6C7B4F446B9734EA0DB8D /* Legal */,
			);
			path = Resources;
			sourceTree = "<group>";
		};
		9CF5495C87E711C694F27B5E /* Settings */ = {
			isa = PBXGroup;
			children = (
				211111111111111111111111 /* PermissionsSettingsView.swift */,
				221111111111111111111111 /* DataDeletionView.swift */,
				231111111111111111111111 /* SupportView.swift */,
				241111111111111111111111 /* KeyboardShortcutsSheetView.swift */,
				6CBD15041A7A7B9F01C28981 /* CanvasAuthView.swift */,
				9A0241A4CB6D3F486C0E250D /* FamilyControlsStatusView.swift */,
				3EFAC2597C9FC898B785D499 /* GCalAuthView.swift */,
				193B8D2F7F43CE9073857676 /* GitHubAuthView.swift */,
				2E835CF0193FF8408D374ECB /* SettingsView.swift */,
			);
			path = Settings;
			sourceTree = "<group>";
		};
		C11111111111111111111111 /* AI */ = {
			isa = PBXGroup;
			children = (
				A11111111111111111111116 /* MorningBriefRewriter.swift */,
				A11111111111111111111115 /* WritingToolsIntegration.swift */,
			);
			path = AI;
			sourceTree = "<group>";
		};
		A62720955C2BE150E4BD93CD /* Voice */ = {
			isa = PBXGroup;
			children = (
				CA65F7C36AE548F06D145B74 /* SimlishVoice.swift */,
			);
			path = Voice;
			sourceTree = "<group>";
		};
		B2697BDDC8F5DE9B476ECA40 /* Resources */ = {
			isa = PBXGroup;
			children = (
				4C929901AED6C2E054BB2BA6 /* Localizable.xcstrings */,
			);
			path = Resources;
			sourceTree = "<group>";
		};
		B52A286221BCA1443EE5744B /* FocalPointWidget */ = {
			isa = PBXGroup;
			children = (
				EFA51BBF132588F66071BFDC /* CreditsWidget.swift */,
				747AC761871F4243BACB197D /* FocalPointWidget.entitlements */,
				6CD51880C03F201EDCDB5316 /* FocalPointWidget.swift */,
				0C00B2676A6018DA80F558C9 /* FocusSessionLiveActivity.swift */,
				74EE9496FF6B3BB00A66539F /* Info.plist */,
				459C0C0A801D3FC4E8C7FE12 /* PrivacyInfo.xcprivacy */,
				0CE0CFF1EA726A7A288B03F2 /* TodayBriefWidget.swift */,
				C8EE01178D771B0B8382A7F1 /* WidgetCoreAccess.swift */,
			);
			name = FocalPointWidget;
			path = Sources/FocalPointWidget;
			sourceTree = "<group>";
		};
		C7257BB764CCFB5506D727C9 /* Haptics */ = {
			isa = PBXGroup;
			children = (
				83124219175C66BACCA62119 /* HapticChoreographer.swift */,
			);
			path = Haptics;
			sourceTree = "<group>";
		};
		D0BC4A5B3BC6C139F19DC5D4 /* Audio */ = {
			isa = PBXGroup;
			children = (
				3108753178B62D52C0288F5A /* SoundEffectPlayer.swift */,
			);
			path = Audio;
			sourceTree = "<group>";
		};
		E3080D55F463FF481CE61BD5 = {
			isa = PBXGroup;
			children = (
				29FA8E2C13AC9B11E3B2A7E0 /* DesignSystem */,
				100D2AA8D491F47FF392CB1D /* Enforcement */,
				8EBF095CDF43C284C0F7CEE2 /* FocalPointApp */,
				06CB7D1AF2C646D75B1E3BF4 /* FocalPointCore */,
				46FA45D7588012032FB8BE2D /* FocalPointIntegrationTests */,
				AA0000000000000000000203 /* FocalPointUITests */,
				B52A286221BCA1443EE5744B /* FocalPointWidget */,
				640BEF464435B28B9F338D9C /* MascotUI */,
				99764B40EF7681F7A0D90619 /* Resources */,
				46C256B7FDF94018FE26EB90 /* Frameworks */,
				FF5BB5D217794B0A169029EF /* Products */,
			);
			sourceTree = "<group>";
		};
		FF5BB5D217794B0A169029EF /* Products */ = {
			isa = PBXGroup;
			children = (
				D82334F2DC656DCB46A0143F /* DesignSystem.framework */,
				7D961535C3D35CC128425505 /* Enforcement.framework */,
				E33C9CB8B3B9F6479A8EB842 /* FocalPointApp.app */,
				D08FADFC56B6BA55CDE8584B /* FocalPointCore.framework */,
				330FC2AC017948F25BD2A41A /* FocalPointIntegrationTests.xctest */,
				AA0000000000000000000202 /* FocalPointUITests.xctest */,
				B3C632AD6822C9C3496EBDC0 /* FocalPointWidget.appex */,
				B57136EB30F6A4E8F24ED338 /* MascotUI.framework */,
			);
			name = Products;
			sourceTree = "<group>";
		};
		AA0000000000000000000203 /* FocalPointUITests */ = {
			isa = PBXGroup;
			children = (
				AA0000000000000000000200 /* FocalPointOnboardingUITests.swift */,
			);
			name = FocalPointUITests;
			path = Tests/FocalPointUITests;
			sourceTree = "<group>";
		};
/* End PBXGroup section */

/* Begin PBXNativeTarget section */
		27A8BA6E47FE22B00C4EF308 /* DesignSystem */ = {
			isa = PBXNativeTarget;
			buildConfigurationList = 31064121B2B46533B425945D /* Build configuration list for PBXNativeTarget "DesignSystem" */;
			buildPhases = (
				EDC4EF863885024B1427ECE2 /* Sources */,
			);
			buildRules = (
			);
			dependencies = (
			);
			name = DesignSystem;
			packageProductDependencies = (
			);
			productName = DesignSystem;
			productReference = D82334F2DC656DCB46A0143F /* DesignSystem.framework */;
			productType = "com.apple.product-type.framework";
		};
		5DCED853271918BB5F1934EB /* Enforcement */ = {
			isa = PBXNativeTarget;
			buildConfigurationList = 04659C694B9AD1E839466D9C /* Build configuration list for PBXNativeTarget "Enforcement" */;
			buildPhases = (
				75732315745E16FB3B5AD04D /* Sources */,
				0B867FA41EACC87E408741E8 /* Frameworks */,
			);
			buildRules = (
			);
			dependencies = (
				42D944E2DC834ACE548C4A86 /* PBXTargetDependency */,
			);
			name = Enforcement;
			packageProductDependencies = (
			);
			productName = Enforcement;
			productReference = 7D961535C3D35CC128425505 /* Enforcement.framework */;
			productType = "com.apple.product-type.framework";
		};
		61F991E5838EE655C57EE87F /* FocalPointCore */ = {
			isa = PBXNativeTarget;
			buildConfigurationList = E39D8FA0C70D7E16FE35F0EC /* Build configuration list for PBXNativeTarget "FocalPointCore" */;
			buildPhases = (
				6DE0C726B145D0B23046D0B0 /* Sources */,
				4D97EF121191E6E0351C7615 /* Frameworks */,
				A0DB4EACD3CF2D96A9B8869A /* Embed Frameworks */,
			);
			buildRules = (
			);
			dependencies = (
			);
			name = FocalPointCore;
			packageProductDependencies = (
			);
			productName = FocalPointCore;
			productReference = D08FADFC56B6BA55CDE8584B /* FocalPointCore.framework */;
			productType = "com.apple.product-type.framework";
		};
		8E3726CB474417FA08B8C9B7 /* FocalPointIntegrationTests */ = {
			isa = PBXNativeTarget;
			buildConfigurationList = 34F3F8A00A4C60055A75BC73 /* Build configuration list for PBXNativeTarget "FocalPointIntegrationTests" */;
			buildPhases = (
				056FBA2D10D8D8AF34B16512 /* Sources */,
				CDC51295F2789421B7FEA8C7 /* Frameworks */,
				A84D6ABF596B5F8B7EAB1BEA /* Embed Frameworks */,
			);
			buildRules = (
			);
			dependencies = (
				89664983D2EDF85939204B47 /* PBXTargetDependency */,
				F98D5EFA2237EBCC043BE004 /* PBXTargetDependency */,
				A5FBBF460290E44C1D1F01DF /* PBXTargetDependency */,
				9C5A0709091B0113D746BFF6 /* PBXTargetDependency */,
			);
			name = FocalPointIntegrationTests;
			packageProductDependencies = (
			);
			productName = FocalPointIntegrationTests;
			productReference = 330FC2AC017948F25BD2A41A /* FocalPointIntegrationTests.xctest */;
			productType = "com.apple.product-type.bundle.unit-test";
		};
		992868882921D869A4C2E23B /* FocalPointApp */ = {
			isa = PBXNativeTarget;
			buildConfigurationList = 3750528DED9366EBB8A32BCD /* Build configuration list for PBXNativeTarget "FocalPointApp" */;
			buildPhases = (
				2BD159F9ED876E691AF6A5EC /* Sources */,
				DB04FFCE214C14EDD5BC9E41 /* Resources */,
				FDA7D1E0558FEBEB989F5D57 /* Frameworks */,
				F7E53518AF659A1E908ECD9A /* Embed Frameworks */,
			);
			buildRules = (
			);
			dependencies = (
				CFB3CDA390C78E0117AEB01C /* PBXTargetDependency */,
				0CCC297ACDB1C26D30380B25 /* PBXTargetDependency */,
				9C5A0709091B0113D746BFF6 /* PBXTargetDependency */,
				E8E30A39D02E4A15A411F069 /* PBXTargetDependency */,
			);
			name = FocalPointApp;
			packageProductDependencies = (
			);
			productName = FocalPointApp;
			productReference = E33C9CB8B3B9F6479A8EB842 /* FocalPointApp.app */;
			productType = "com.apple.product-type.application";
		};
		AA79ABF6DCF1C46E5BC4AD55 /* FocalPointWidget */ = {
			isa = PBXNativeTarget;
			buildConfigurationList = E469BC0CA3B2CD49FA37C95B /* Build configuration list for PBXNativeTarget "FocalPointWidget" */;
			buildPhases = (
				8A4A95E83E96212B45C29E3E /* Sources */,
				0C06C99FDED53782085BB957 /* Resources */,
				3CC03DDF1FAE2438CEFEACDF /* Frameworks */,
			);
			buildRules = (
			);
			dependencies = (
				0365203A11C15A76C1033309 /* PBXTargetDependency */,
			);
			name = FocalPointWidget;
			packageProductDependencies = (
			);
			productName = FocalPointWidget;
			productReference = B3C632AD6822C9C3496EBDC0 /* FocalPointWidget.appex */;
			productType = "com.apple.product-type.app-extension";
		};
		E0FF4517A9D8EC4002C22D92 /* MascotUI */ = {
			isa = PBXNativeTarget;
			buildConfigurationList = 1FD56E1206DE2057B3352714 /* Build configuration list for PBXNativeTarget "MascotUI" */;
			buildPhases = (
				C82215B92C78B0C9DB173B92 /* Sources */,
				A7F1DA66A2A4BB67D95011ED /* Frameworks */,
			);
			buildRules = (
			);
			dependencies = (
				BD1F88281B2559633375CF39 /* PBXTargetDependency */,
				CE278AD5003128BF99C61990 /* PBXTargetDependency */,
			);
			name = MascotUI;
			packageProductDependencies = (
			);
			productName = MascotUI;
			productReference = B57136EB30F6A4E8F24ED338 /* MascotUI.framework */;
			productType = "com.apple.product-type.framework";
		};
		AA0000000000000000000205 /* FocalPointUITests */ = {
			isa = PBXNativeTarget;
			buildConfigurationList = AA000000000000000000020A /* Build configuration list for PBXNativeTarget "FocalPointUITests" */;
			buildPhases = (
				AA000000000000000000020B /* Sources */,
				AA0000000000000000000204 /* Frameworks */,
			);
			buildRules = (
			);
			dependencies = (
				AA0000000000000000000206 /* PBXTargetDependency */,
			);
			name = FocalPointUITests;
			packageProductDependencies = (
			);
			productName = FocalPointUITests;
			productReference = AA0000000000000000000202 /* FocalPointUITests.xctest */;
			productType = "com.apple.product-type.bundle.ui-testing";
		};
/* End PBXNativeTarget section */

/* Begin PBXProject section */
		DA95DE96FAA4868986F9489D /* Project object */ = {
			isa = PBXProject;
			attributes = {
				BuildIndependentTargetsInParallel = YES;
				LastUpgradeCheck = 2600;
				TargetAttributes = {
					27A8BA6E47FE22B00C4EF308 = {
						DevelopmentTeam = GCT2BN8WLL;
						ProvisioningStyle = Automatic;
					};
					5DCED853271918BB5F1934EB = {
						DevelopmentTeam = GCT2BN8WLL;
						ProvisioningStyle = Automatic;
					};
					61F991E5838EE655C57EE87F = {
						DevelopmentTeam = GCT2BN8WLL;
						ProvisioningStyle = Automatic;
					};
					8E3726CB474417FA08B8C9B7 = {
						DevelopmentTeam = GCT2BN8WLL;
						ProvisioningStyle = Automatic;
					};
					992868882921D869A4C2E23B = {
						DevelopmentTeam = GCT2BN8WLL;
						ProvisioningStyle = Automatic;
					};
					AA79ABF6DCF1C46E5BC4AD55 = {
						DevelopmentTeam = GCT2BN8WLL;
						ProvisioningStyle = Automatic;
					};
					E0FF4517A9D8EC4002C22D92 = {
						DevelopmentTeam = GCT2BN8WLL;
						ProvisioningStyle = Automatic;
					};
				};
			};
			buildConfigurationList = 686C78B1FE8766AE1F2342DA /* Build configuration list for PBXProject "FocalPoint" */;
			developmentRegion = en;
			hasScannedForEncodings = 0;
			knownRegions = (
				Base,
				en,
			);
			mainGroup = E3080D55F463FF481CE61BD5;
			minimizedProjectReferenceProxies = 1;
			preferredProjectObjectVersion = 77;
			productRefGroup = FF5BB5D217794B0A169029EF /* Products */;
			projectDirPath = "";
			projectRoot = "";
			targets = (
				27A8BA6E47FE22B00C4EF308 /* DesignSystem */,
				5DCED853271918BB5F1934EB /* Enforcement */,
				992868882921D869A4C2E23B /* FocalPointApp */,
				61F991E5838EE655C57EE87F /* FocalPointCore */,
				8E3726CB474417FA08B8C9B7 /* FocalPointIntegrationTests */,
				AA0000000000000000000205 /* FocalPointUITests */,
				AA79ABF6DCF1C46E5BC4AD55 /* FocalPointWidget */,
				E0FF4517A9D8EC4002C22D92 /* MascotUI */,
			);
		};
/* End PBXProject section */

/* Begin PBXResourcesBuildPhase section */
		0C06C99FDED53782085BB957 /* Resources */ = {
			isa = PBXResourcesBuildPhase;
			buildActionMask = 2147483647;
			files = (
				79123E01745FB3215EF77CE1 /* PrivacyInfo.xcprivacy in Resources */,
			);
			runOnlyForDeploymentPostprocessing = 0;
		};
		DB04FFCE214C14EDD5BC9E41 /* Resources */ = {
			isa = PBXResourcesBuildPhase;
			buildActionMask = 2147483647;
			files = (
				20CF2E6E655BDDBB20C8575D /* Assets.xcassets in Resources */,
				48CF224D494AAA3357BA1B00 /* Localizable.xcstrings in Resources */,
				7F9DF4A84D1AE008A04697D1 /* PRIVACY.md in Resources */,
				78272606098AD703BC9EC68D /* PrivacyInfo.xcprivacy in Resources */,
				5CD0AEE2F7C978711B339CA6 /* README.md in Resources */,
				86DD829E56764BD28822F207 /* SOUND_SOURCES.md in Resources */,
				8D98AA1E4EBA8D854057CDFA /* TERMS.md in Resources */,
			);
			runOnlyForDeploymentPostprocessing = 0;
		};
/* End PBXResourcesBuildPhase section */

/* Begin PBXSourcesBuildPhase section */
		056FBA2D10D8D8AF34B16512 /* Sources */ = {
			isa = PBXSourcesBuildPhase;
			buildActionMask = 2147483647;
			files = (
				D52C4E41542056530A431F96 /* EndToEndLoopTests.swift in Sources */,
				AA0000000000000000000101 /* OnboardingRequirementsTests.swift in Sources */,
				AA0000000000000000000301 /* CoverageSurfaceTests.swift in Sources */,
				AA0000000000000000000102 /* OnboardingCoordinator.swift in Sources */,
				AA0000000000000000000103 /* RuleTemplates.swift in Sources */,
				AA0000000000000000000104 /* NotificationPermissionManager.swift in Sources */,
			);
			runOnlyForDeploymentPostprocessing = 0;
		};
		2BD159F9ED876E691AF6A5EC /* Sources */ = {
			isa = PBXSourcesBuildPhase;
			buildActionMask = 2147483647;
			files = (
				380F23042021E37FD33A9996 /* ActivityView.swift in Sources */,
				D76D0B53D28AAFE455D8780E /* BackgroundSync.swift in Sources */,
				22BB950ECD08B255E8A06422 /* CanvasAuthView.swift in Sources */,
				38D0626859684F6E0628371B /* CloudKitSync.swift in Sources */,
				8C4D8A308169CC9F2EA3D008 /* CoachyBridging.swift in Sources */,
				321F02A16A1A22E971557EA5 /* CoachyTabView.swift in Sources */,
				3C0BDEF2E0EFCF0B666AA856 /* CoreHolder.swift in Sources */,
				A82D0B8E681620AB3A155EC1 /* DebugCoachyShowcase.swift in Sources */,
				54D6DCC4C9B352C3CA74DA95 /* EntitlementModel.swift in Sources */,
				41B7FA1D5D3256EEF5DC0C87 /* EventKitCalendarHost.swift in Sources */,
				82077DF2A9B0B308CD1436E7 /* FamilyControlsStatusView.swift in Sources */,
				5E65BB342B78E2F5C9B2E3B1 /* FeatureGateHelper.swift in Sources */,
				4C82AA6B2D9DB2B13A3196C8 /* FocalPointApp.swift in Sources */,
				999999999999999999999999 /* MenuCommands.swift in Sources */,
				AAAAAAAAAAAAAAAAAAAAAAAA /* KeyboardShortcuts.swift in Sources */,
				888888888888888888888888 /* NotificationPermissionManager.swift in Sources */,
				55719960F6C573085AAE351B /* FocusModeView.swift in Sources */,
				A4CEC153B5E74B900788F988 /* GCalAuthView.swift in Sources */,
				39B1F5A7E0ECD8AB20882ED6 /* GitHubAuthView.swift in Sources */,
				927EFA2A77CF2EE6B7DF7F50 /* HomeView.swift in Sources */,
				FBAC68EA4D5DB251A467B96A /* LaunchCoachyView.swift in Sources */,
				F2488AAAC928E384757D6D41 /* NotificationDispatcher.swift in Sources */,
				E8C429A816B08120E2183A41 /* NudgeBannerView.swift in Sources */,
				D51A8100B2714B033686A859 /* OnboardingCoordinator.swift in Sources */,
				3F33054474615028B02BEA77 /* OnboardingView.swift in Sources */,
				2D2928FBD98D8DCCE6DDEBD1 /* OnboardingViewV2.swift in Sources */,
				E11111111111111111111111 /* PermissionsStep.swift in Sources */,
				50278940D3ED3E083BFFDD49 /* PaywallView.swift in Sources */,
				0049B46E33E0E2DE780DF3B9 /* RitualsView.swift in Sources */,
				F597177F30AFE48C0917D8D4 /* RuleBuilderView.swift in Sources */,
				7F752D41FFAAEAFB26DDF17B /* RuleDetailView.swift in Sources */,
				944E40E35B12E5053E2EA62B /* RuleFiredFlyIn.swift in Sources */,
				FAB114C53463E26AAE915F51 /* RuleFiredFlyInPresenter.swift in Sources */,
				4661FF1584FDE57401BC55D5 /* RuleFiredFlyInView.swift in Sources */,
				0E79C69BE7850B9E5A4B0166 /* RuleTemplateLibraryView.swift in Sources */,
				68603AD28C75F62A76DD715E /* RuleTemplates.swift in Sources */,
				43749566D4011CFF97A33D63 /* RulesListView.swift in Sources */,
				895B9796CDD40DC05C0FE718 /* SentrySetup.swift in Sources */,
				1BCA659697E460B060473B39 /* SettingsView.swift in Sources */,
				211111111111111111111112 /* PermissionsSettingsView.swift in Sources */,
				221111111111111111111112 /* DataDeletionView.swift in Sources */,
				231111111111111111111112 /* SupportView.swift in Sources */,
				241111111111111111111112 /* KeyboardShortcutsSheetView.swift in Sources */,
				B11111111111111111111113 /* MorningBriefRewriter.swift in Sources */,
				251111111111111111111112 /* WritingToolsIntegration.swift in Sources */,
				0536316B78F9F14AE3D3A222 /* StatsView.swift in Sources */,
				0B0F6F7E06716411CEEE055F /* StoreKit2Manager.swift in Sources */,
				324F179DCA3DF33BF8806C6D /* TasksView.swift in Sources */,
				626CFFE9DB2AA876ABA2309F /* TemplateLibraryView.swift in Sources */,
				1E51ED985E9B4001D8A66E30 /* WalletView.swift in Sources */,
			);
			runOnlyForDeploymentPostprocessing = 0;
		};
		6DE0C726B145D0B23046D0B0 /* Sources */ = {
			isa = PBXSourcesBuildPhase;
			buildActionMask = 2147483647;
			files = (
				68E55C8B1BB31C24089FA974 /* FocalPointCore.swift in Sources */,
				3A0ED1AC312A7160A78DAABB /* focus_ffi.swift in Sources */,
			);
			runOnlyForDeploymentPostprocessing = 0;
		};
		75732315745E16FB3B5AD04D /* Sources */ = {
			isa = PBXSourcesBuildPhase;
			buildActionMask = 2147483647;
			files = (
				AD1E08B3F3BD1A42E8586538 /* Enforcement.swift in Sources */,
			);
			runOnlyForDeploymentPostprocessing = 0;
		};
		8A4A95E83E96212B45C29E3E /* Sources */ = {
			isa = PBXSourcesBuildPhase;
			buildActionMask = 2147483647;
			files = (
				EB920F2800558B8DD8D15646 /* CreditsWidget.swift in Sources */,
				0F08DE38E0B1B8DB2FA6E58B /* FocalPointWidget.swift in Sources */,
				4656784444184E77EC561522 /* FocusSessionLiveActivity.swift in Sources */,
				053F3AEB9D9B993F9A88FE3E /* TodayBriefWidget.swift in Sources */,
				EF50E510502AB6003E4DBD18 /* WidgetCoreAccess.swift in Sources */,
			);
			runOnlyForDeploymentPostprocessing = 0;
		};
		C82215B92C78B0C9DB173B92 /* Sources */ = {
			isa = PBXSourcesBuildPhase;
			buildActionMask = 2147483647;
			files = (
				7C7FB747EFE87BAE8433FC68 /* CoachyAnimationEngine.swift in Sources */,
				AC164B1CDEB8F21FF0A9BEAF /* CoachyLoadingView.swift in Sources */,
				871FA9FB9EFCE760496904EF /* CoachyScene.swift in Sources */,
				CEE7FA4B11E2910A19CB3BCC /* CoachyState.swift in Sources */,
				88657334D04CBD4CCB67BC0F /* CoachyView.swift in Sources */,
				FE54ACF477E6CF59BE236925 /* HapticChoreographer.swift in Sources */,
				BFD38AF8ACB7EB1639390C25 /* SimlishVoice.swift in Sources */,
				D81A4529DCE360FCF4503B16 /* SoundEffectPlayer.swift in Sources */,
			);
			runOnlyForDeploymentPostprocessing = 0;
		};
		EDC4EF863885024B1427ECE2 /* Sources */ = {
			isa = PBXSourcesBuildPhase;
			buildActionMask = 2147483647;
			files = (
				7D321EA641C1B3625A1DC698 /* MarkdownView.swift in Sources */,
				B7F5755CE7305379729DF38A /* Palette.swift in Sources */,
				D23253F2BDC501EC4372210A /* Typography.swift in Sources */,
			);
			runOnlyForDeploymentPostprocessing = 0;
		};
		AA000000000000000000020B /* Sources */ = {
			isa = PBXSourcesBuildPhase;
			buildActionMask = 2147483647;
			files = (
				AA0000000000000000000201 /* FocalPointOnboardingUITests.swift in Sources */,
			);
			runOnlyForDeploymentPostprocessing = 0;
		};
/* End PBXSourcesBuildPhase section */

/* Begin PBXTargetDependency section */
		0365203A11C15A76C1033309 /* PBXTargetDependency */ = {
			isa = PBXTargetDependency;
			target = 27A8BA6E47FE22B00C4EF308 /* DesignSystem */;
			targetProxy = 8F60C8E9431C8543347AA526 /* PBXContainerItemProxy */;
		};
		0CCC297ACDB1C26D30380B25 /* PBXTargetDependency */ = {
			isa = PBXTargetDependency;
			target = E0FF4517A9D8EC4002C22D92 /* MascotUI */;
			targetProxy = C8FE25CF5945039839F1B8FA /* PBXContainerItemProxy */;
		};
		42D944E2DC834ACE548C4A86 /* PBXTargetDependency */ = {
			isa = PBXTargetDependency;
			target = 61F991E5838EE655C57EE87F /* FocalPointCore */;
			targetProxy = A4BEEC7082A0B416DE7E059A /* PBXContainerItemProxy */;
		};
		89664983D2EDF85939204B47 /* PBXTargetDependency */ = {
			isa = PBXTargetDependency;
			target = 61F991E5838EE655C57EE87F /* FocalPointCore */;
			targetProxy = 6731F6096E10FC8E826BF1E3 /* PBXContainerItemProxy */;
		};
		9C5A0709091B0113D746BFF6 /* PBXTargetDependency */ = {
			isa = PBXTargetDependency;
			target = 5DCED853271918BB5F1934EB /* Enforcement */;
			targetProxy = 5962916B3F6A992103B2964E /* PBXContainerItemProxy */;
		};
		A5FBBF460290E44C1D1F01DF /* PBXTargetDependency */ = {
			isa = PBXTargetDependency;
			target = E0FF4517A9D8EC4002C22D92 /* MascotUI */;
			targetProxy = 803065460251DC459382B87C /* PBXContainerItemProxy */;
		};
		BD1F88281B2559633375CF39 /* PBXTargetDependency */ = {
			isa = PBXTargetDependency;
			target = 27A8BA6E47FE22B00C4EF308 /* DesignSystem */;
			targetProxy = B150722D3CC3AC36A19C895B /* PBXContainerItemProxy */;
		};
		CE278AD5003128BF99C61990 /* PBXTargetDependency */ = {
			isa = PBXTargetDependency;
			target = 61F991E5838EE655C57EE87F /* FocalPointCore */;
			targetProxy = 4857A01EC71DA9FB4B203F1B /* PBXContainerItemProxy */;
		};
		CFB3CDA390C78E0117AEB01C /* PBXTargetDependency */ = {
			isa = PBXTargetDependency;
			target = 27A8BA6E47FE22B00C4EF308 /* DesignSystem */;
			targetProxy = F342FF7F3AD64EA4AC09EEA1 /* PBXContainerItemProxy */;
		};
		E8E30A39D02E4A15A411F069 /* PBXTargetDependency */ = {
			isa = PBXTargetDependency;
			target = 61F991E5838EE655C57EE87F /* FocalPointCore */;
			targetProxy = C35897C3891ABD95FDCFC57B /* PBXContainerItemProxy */;
		};
		F98D5EFA2237EBCC043BE004 /* PBXTargetDependency */ = {
			isa = PBXTargetDependency;
			target = 27A8BA6E47FE22B00C4EF308 /* DesignSystem */;
			targetProxy = 8EC57ED423C88ABC0DA3AE90 /* PBXContainerItemProxy */;
		};
		AA0000000000000000000206 /* PBXTargetDependency */ = {
			isa = PBXTargetDependency;
			target = 992868882921D869A4C2E23B /* FocalPointApp */;
			targetProxy = AA0000000000000000000207 /* PBXContainerItemProxy */;
		};
/* End PBXTargetDependency section */

/* Begin XCBuildConfiguration section */
		129E02FD7E08E0068D781B50 /* Release */ = {
			isa = XCBuildConfiguration;
			buildSettings = {
				BUNDLE_LOADER = "$(TEST_HOST)";
				FRAMEWORK_SEARCH_PATHS = "$(inherited) $(SRCROOT)/Frameworks";
				LD_RUNPATH_SEARCH_PATHS = (
					"$(inherited)",
					"@executable_path/Frameworks",
					"@loader_path/Frameworks",
				);
				PRODUCT_BUNDLE_IDENTIFIER = com.koosha.FocalPointIntegrationTests;
				PRODUCT_NAME = FocalPointIntegrationTests;
				SDKROOT = iphoneos;
				TARGETED_DEVICE_FAMILY = "1,2";
			};
			name = Release;
		};
		148CE41C7210EC07D79EB886 /* Release */ = {
			isa = XCBuildConfiguration;
			buildSettings = {
				CODE_SIGN_IDENTITY = "";
				CURRENT_PROJECT_VERSION = 1;
				DEFINES_MODULE = YES;
				DYLIB_COMPATIBILITY_VERSION = 1;
				DYLIB_CURRENT_VERSION = 1;
				DYLIB_INSTALL_NAME_BASE = "@rpath";
				INSTALL_PATH = "$(LOCAL_LIBRARY_DIR)/Frameworks";
				LD_RUNPATH_SEARCH_PATHS = (
					"$(inherited)",
					"@executable_path/Frameworks",
				);
				PRODUCT_BUNDLE_IDENTIFIER = com.koosha.DesignSystem;
				PRODUCT_NAME = DesignSystem;
				SDKROOT = iphoneos;
				SKIP_INSTALL = YES;
				TARGETED_DEVICE_FAMILY = "1,2";
				VERSIONING_SYSTEM = "apple-generic";
			};
			name = Release;
		};
		15628D17A39C189461F5195E /* Debug */ = {
			isa = XCBuildConfiguration;
			buildSettings = {
				ALWAYS_SEARCH_USER_PATHS = NO;
				CLANG_ANALYZER_NONNULL = YES;
				CLANG_ANALYZER_NUMBER_OBJECT_CONVERSION = YES_AGGRESSIVE;
				CLANG_CXX_LANGUAGE_STANDARD = "gnu++14";
				CLANG_CXX_LIBRARY = "libc++";
				CLANG_ENABLE_MODULES = YES;
				CLANG_ENABLE_OBJC_ARC = YES;
				CLANG_ENABLE_OBJC_WEAK = YES;
				CLANG_WARN_BLOCK_CAPTURE_AUTORELEASING = YES;
				CLANG_WARN_BOOL_CONVERSION = YES;
				CLANG_WARN_COMMA = YES;
				CLANG_WARN_CONSTANT_CONVERSION = YES;
				CLANG_WARN_DEPRECATED_OBJC_IMPLEMENTATIONS = YES;
				CLANG_WARN_DIRECT_OBJC_ISA_USAGE = YES_ERROR;
				CLANG_WARN_DOCUMENTATION_COMMENTS = YES;
				CLANG_WARN_EMPTY_BODY = YES;
				CLANG_WARN_ENUM_CONVERSION = YES;
				CLANG_WARN_INFINITE_RECURSION = YES;
				CLANG_WARN_INT_CONVERSION = YES;
				CLANG_WARN_NON_LITERAL_NULL_CONVERSION = YES;
				CLANG_WARN_OBJC_IMPLICIT_RETAIN_SELF = YES;
				CLANG_WARN_OBJC_LITERAL_CONVERSION = YES;
				CLANG_WARN_OBJC_ROOT_CLASS = YES_ERROR;
				CLANG_WARN_QUOTED_INCLUDE_IN_FRAMEWORK_HEADER = YES;
				CLANG_WARN_RANGE_LOOP_ANALYSIS = YES;
				CLANG_WARN_STRICT_PROTOTYPES = YES;
				CLANG_WARN_SUSPICIOUS_MOVE = YES;
				CLANG_WARN_UNGUARDED_AVAILABILITY = YES_AGGRESSIVE;
				CLANG_WARN_UNREACHABLE_CODE = YES;
				CLANG_WARN__DUPLICATE_METHOD_MATCH = YES;
				CODE_SIGN_STYLE = Automatic;
				COPY_PHASE_STRIP = NO;
				CURRENT_PROJECT_VERSION = 1;
				DEBUG_INFORMATION_FORMAT = dwarf;
				DEVELOPMENT_TEAM = GCT2BN8WLL;
				ENABLE_STRICT_OBJC_MSGSEND = YES;
				ENABLE_TESTABILITY = YES;
				GCC_C_LANGUAGE_STANDARD = gnu11;
				GCC_DYNAMIC_NO_PIC = NO;
				GCC_NO_COMMON_BLOCKS = YES;
				GCC_OPTIMIZATION_LEVEL = 0;
				GCC_PREPROCESSOR_DEFINITIONS = (
					"$(inherited)",
					"DEBUG=1",
				);
				GCC_WARN_64_TO_32_BIT_CONVERSION = YES;
				GCC_WARN_ABOUT_RETURN_TYPE = YES_ERROR;
				GCC_WARN_UNDECLARED_SELECTOR = YES;
				GCC_WARN_UNINITIALIZED_AUTOS = YES_AGGRESSIVE;
				GCC_WARN_UNUSED_FUNCTION = YES;
				GCC_WARN_UNUSED_VARIABLE = YES;
				GENERATE_INFOPLIST_FILE = YES;
				IPHONEOS_DEPLOYMENT_TARGET = 17.0;
				MARKETING_VERSION = 0.2.0;
				MTL_ENABLE_DEBUG_INFO = INCLUDE_SOURCE;
				MTL_FAST_MATH = YES;
				ONLY_ACTIVE_ARCH = YES;
				PRODUCT_NAME = "$(TARGET_NAME)";
				SDKROOT = iphoneos;
				SWIFT_ACTIVE_COMPILATION_CONDITIONS = DEBUG;
				SWIFT_OPTIMIZATION_LEVEL = "-Onone";
				SWIFT_VERSION = 5.9;
				TARGETED_DEVICE_FAMILY = "1,2";
			};
			name = Debug;
		};
		275A27B97C92FC4D4BB8220F /* Release */ = {
			isa = XCBuildConfiguration;
			buildSettings = {
				ASSETCATALOG_COMPILER_APPICON_NAME = AppIcon;
				CODE_SIGN_IDENTITY = "iPhone Developer";
				ENABLE_BITCODE = NO;
				INFOPLIST_FILE = Sources/FocalPointApp/Info.plist;
				LD_RUNPATH_SEARCH_PATHS = (
					"$(inherited)",
					"@executable_path/Frameworks",
				);
				PRODUCT_BUNDLE_IDENTIFIER = com.koosha.focalpoint;
				PRODUCT_NAME = FocalPointApp;
				SDKROOT = iphoneos;
				STRIP_BITCODE_FROM_COPIED_FILES = NO;
				SUPPORTS_MACCATALYST = NO;
				SUPPORTS_MAC_DESIGNED_FOR_IPHONE_IPAD = YES;
				TARGETED_DEVICE_FAMILY = "1,2";
			};
			name = Release;
		};
		294CE44EA6838C5186186913 /* Release */ = {
			isa = XCBuildConfiguration;
			buildSettings = {
				CODE_SIGN_IDENTITY = "";
				CURRENT_PROJECT_VERSION = 1;
				DEFINES_MODULE = YES;
				DYLIB_COMPATIBILITY_VERSION = 1;
				DYLIB_CURRENT_VERSION = 1;
				DYLIB_INSTALL_NAME_BASE = "@rpath";
				INSTALL_PATH = "$(LOCAL_LIBRARY_DIR)/Frameworks";
				LD_RUNPATH_SEARCH_PATHS = (
					"$(inherited)",
					"@executable_path/Frameworks",
				);
				PRODUCT_BUNDLE_IDENTIFIER = com.koosha.Enforcement;
				PRODUCT_NAME = Enforcement;
				SDKROOT = iphoneos;
				SKIP_INSTALL = YES;
				TARGETED_DEVICE_FAMILY = "1,2";
				VERSIONING_SYSTEM = "apple-generic";
			};
			name = Release;
		};
		2A01AA06DC2449FD98904005 /* Debug */ = {
			isa = XCBuildConfiguration;
			buildSettings = {
				CODE_SIGN_IDENTITY = "";
				CURRENT_PROJECT_VERSION = 1;
				DEFINES_MODULE = YES;
				DYLIB_COMPATIBILITY_VERSION = 1;
				DYLIB_CURRENT_VERSION = 1;
				DYLIB_INSTALL_NAME_BASE = "@rpath";
				INSTALL_PATH = "$(LOCAL_LIBRARY_DIR)/Frameworks";
				LD_RUNPATH_SEARCH_PATHS = (
					"$(inherited)",
					"@executable_path/Frameworks",
				);
				PRODUCT_BUNDLE_IDENTIFIER = com.koosha.DesignSystem;
				PRODUCT_NAME = DesignSystem;
				SDKROOT = iphoneos;
				SKIP_INSTALL = YES;
				TARGETED_DEVICE_FAMILY = "1,2";
				VERSIONING_SYSTEM = "apple-generic";
			};
			name = Debug;
		};
		314E12A8227D875A3FE86354 /* Release */ = {
			isa = XCBuildConfiguration;
			buildSettings = {
				BRIDGING_HEADER = "Sources/FocalPointWidget/FocalPointWidget-Bridging-Header.h";
				CODE_SIGNING_REQUIRED = NO;
				CODE_SIGN_IDENTITY = "";
				CODE_SIGN_STYLE = Automatic;
				GENERATE_INFOPLIST_FILE = YES;
				INFOPLIST_FILE = Sources/FocalPointWidget/Info.plist;
				LD_RUNPATH_SEARCH_PATHS = (
					"$(inherited)",
					"@executable_path/Frameworks",
					"@executable_path/../../Frameworks",
				);
				OTHER_LDFLAGS = "-lsqlite3";
				PRODUCT_BUNDLE_IDENTIFIER = com.koosha.focalpoint.widget;
				PRODUCT_NAME = FocalPointWidget;
				SDKROOT = iphoneos;
				SKIP_INSTALL = YES;
				TARGETED_DEVICE_FAMILY = "1,2";
			};
			name = Release;
		};
		4FD1E2902E269B452F5A4B77 /* Debug */ = {
			isa = XCBuildConfiguration;
			buildSettings = {
				BUNDLE_LOADER = "$(TEST_HOST)";
				FRAMEWORK_SEARCH_PATHS = "$(inherited) $(SRCROOT)/Frameworks";
				LD_RUNPATH_SEARCH_PATHS = (
					"$(inherited)",
					"@executable_path/Frameworks",
					"@loader_path/Frameworks",
				);
				PRODUCT_BUNDLE_IDENTIFIER = com.koosha.FocalPointIntegrationTests;
				PRODUCT_NAME = FocalPointIntegrationTests;
				SDKROOT = iphoneos;
				TARGETED_DEVICE_FAMILY = "1,2";
			};
			name = Debug;
		};
		504FD0EDF7E3D35BABBF1413 /* Debug */ = {
			isa = XCBuildConfiguration;
			buildSettings = {
				CODE_SIGN_IDENTITY = "";
				CURRENT_PROJECT_VERSION = 1;
				DEFINES_MODULE = YES;
				DYLIB_COMPATIBILITY_VERSION = 1;
				DYLIB_CURRENT_VERSION = 1;
				DYLIB_INSTALL_NAME_BASE = "@rpath";
				FRAMEWORK_SEARCH_PATHS = (
					"$(inherited) $(SRCROOT)/Frameworks",
					"\"Frameworks\"",
				);
				INSTALL_PATH = "$(LOCAL_LIBRARY_DIR)/Frameworks";
				LD_RUNPATH_SEARCH_PATHS = (
					"$(inherited)",
					"@executable_path/Frameworks",
				);
				PRODUCT_BUNDLE_IDENTIFIER = com.koosha.FocalPointCore;
				PRODUCT_NAME = FocalPointCore;
				SDKROOT = iphoneos;
				SKIP_INSTALL = YES;
				TARGETED_DEVICE_FAMILY = "1,2";
				VERSIONING_SYSTEM = "apple-generic";
			};
			name = Debug;
		};
		5F9732DA2B1B059EF49F4D32 /* Debug */ = {
			isa = XCBuildConfiguration;
			buildSettings = {
				CODE_SIGN_IDENTITY = "";
				CURRENT_PROJECT_VERSION = 1;
				DEFINES_MODULE = YES;
				DYLIB_COMPATIBILITY_VERSION = 1;
				DYLIB_CURRENT_VERSION = 1;
				DYLIB_INSTALL_NAME_BASE = "@rpath";
				INSTALL_PATH = "$(LOCAL_LIBRARY_DIR)/Frameworks";
				LD_RUNPATH_SEARCH_PATHS = (
					"$(inherited)",
					"@executable_path/Frameworks",
				);
				PRODUCT_BUNDLE_IDENTIFIER = com.koosha.MascotUI;
				PRODUCT_NAME = MascotUI;
				SDKROOT = iphoneos;
				SKIP_INSTALL = YES;
				TARGETED_DEVICE_FAMILY = "1,2";
				VERSIONING_SYSTEM = "apple-generic";
			};
			name = Debug;
		};
		6234CB2CF75BAF1A480861C4 /* Release */ = {
			isa = XCBuildConfiguration;
			buildSettings = {
				CODE_SIGN_IDENTITY = "";
				CURRENT_PROJECT_VERSION = 1;
				DEFINES_MODULE = YES;
				DYLIB_COMPATIBILITY_VERSION = 1;
				DYLIB_CURRENT_VERSION = 1;
				DYLIB_INSTALL_NAME_BASE = "@rpath";
				INSTALL_PATH = "$(LOCAL_LIBRARY_DIR)/Frameworks";
				LD_RUNPATH_SEARCH_PATHS = (
					"$(inherited)",
					"@executable_path/Frameworks",
				);
				PRODUCT_BUNDLE_IDENTIFIER = com.koosha.MascotUI;
				PRODUCT_NAME = MascotUI;
				SDKROOT = iphoneos;
				SKIP_INSTALL = YES;
				TARGETED_DEVICE_FAMILY = "1,2";
				VERSIONING_SYSTEM = "apple-generic";
			};
			name = Release;
		};
		6BAD326C3B965DD409AD33F3 /* Release */ = {
			isa = XCBuildConfiguration;
			buildSettings = {
				ALWAYS_SEARCH_USER_PATHS = NO;
				CLANG_ANALYZER_NONNULL = YES;
				CLANG_ANALYZER_NUMBER_OBJECT_CONVERSION = YES_AGGRESSIVE;
				CLANG_CXX_LANGUAGE_STANDARD = "gnu++14";
				CLANG_CXX_LIBRARY = "libc++";
				CLANG_ENABLE_MODULES = YES;
				CLANG_ENABLE_OBJC_ARC = YES;
				CLANG_ENABLE_OBJC_WEAK = YES;
				CLANG_WARN_BLOCK_CAPTURE_AUTORELEASING = YES;
				CLANG_WARN_BOOL_CONVERSION = YES;
				CLANG_WARN_COMMA = YES;
				CLANG_WARN_CONSTANT_CONVERSION = YES;
				CLANG_WARN_DEPRECATED_OBJC_IMPLEMENTATIONS = YES;
				CLANG_WARN_DIRECT_OBJC_ISA_USAGE = YES_ERROR;
				CLANG_WARN_DOCUMENTATION_COMMENTS = YES;
				CLANG_WARN_EMPTY_BODY = YES;
				CLANG_WARN_ENUM_CONVERSION = YES;
				CLANG_WARN_INFINITE_RECURSION = YES;
				CLANG_WARN_INT_CONVERSION = YES;
				CLANG_WARN_NON_LITERAL_NULL_CONVERSION = YES;
				CLANG_WARN_OBJC_IMPLICIT_RETAIN_SELF = YES;
				CLANG_WARN_OBJC_LITERAL_CONVERSION = YES;
				CLANG_WARN_OBJC_ROOT_CLASS = YES_ERROR;
				CLANG_WARN_QUOTED_INCLUDE_IN_FRAMEWORK_HEADER = YES;
				CLANG_WARN_RANGE_LOOP_ANALYSIS = YES;
				CLANG_WARN_STRICT_PROTOTYPES = YES;
				CLANG_WARN_SUSPICIOUS_MOVE = YES;
				CLANG_WARN_UNGUARDED_AVAILABILITY = YES_AGGRESSIVE;
				CLANG_WARN_UNREACHABLE_CODE = YES;
				CLANG_WARN__DUPLICATE_METHOD_MATCH = YES;
				CODE_SIGN_STYLE = Automatic;
				COPY_PHASE_STRIP = NO;
				CURRENT_PROJECT_VERSION = 1;
				DEBUG_INFORMATION_FORMAT = "dwarf-with-dsym";
				DEVELOPMENT_TEAM = GCT2BN8WLL;
				ENABLE_NS_ASSERTIONS = NO;
				ENABLE_STRICT_OBJC_MSGSEND = YES;
				GCC_C_LANGUAGE_STANDARD = gnu11;
				GCC_NO_COMMON_BLOCKS = YES;
				GCC_WARN_64_TO_32_BIT_CONVERSION = YES;
				GCC_WARN_ABOUT_RETURN_TYPE = YES_ERROR;
				GCC_WARN_UNDECLARED_SELECTOR = YES;
				GCC_WARN_UNINITIALIZED_AUTOS = YES_AGGRESSIVE;
				GCC_WARN_UNUSED_FUNCTION = YES;
				GCC_WARN_UNUSED_VARIABLE = YES;
				GENERATE_INFOPLIST_FILE = YES;
				IPHONEOS_DEPLOYMENT_TARGET = 17.0;
				MARKETING_VERSION = 0.2.0;
				MTL_ENABLE_DEBUG_INFO = NO;
				MTL_FAST_MATH = YES;
				PRODUCT_NAME = "$(TARGET_NAME)";
				SDKROOT = iphoneos;
				SWIFT_COMPILATION_MODE = wholemodule;
				SWIFT_OPTIMIZATION_LEVEL = "-O";
				SWIFT_VERSION = 5.9;
				TARGETED_DEVICE_FAMILY = "1,2";
			};
			name = Release;
		};
		8643BA1914346870F3F49DF2 /* Debug */ = {
			isa = XCBuildConfiguration;
			buildSettings = {
				CODE_SIGN_IDENTITY = "";
				CURRENT_PROJECT_VERSION = 1;
				DEFINES_MODULE = YES;
				DYLIB_COMPATIBILITY_VERSION = 1;
				DYLIB_CURRENT_VERSION = 1;
				DYLIB_INSTALL_NAME_BASE = "@rpath";
				INSTALL_PATH = "$(LOCAL_LIBRARY_DIR)/Frameworks";
				LD_RUNPATH_SEARCH_PATHS = (
					"$(inherited)",
					"@executable_path/Frameworks",
				);
				PRODUCT_BUNDLE_IDENTIFIER = com.koosha.Enforcement;
				PRODUCT_NAME = Enforcement;
				SDKROOT = iphoneos;
				SKIP_INSTALL = YES;
				TARGETED_DEVICE_FAMILY = "1,2";
				VERSIONING_SYSTEM = "apple-generic";
			};
			name = Debug;
		};
		A8D5D312D17178C4870071EC /* Release */ = {
			isa = XCBuildConfiguration;
			buildSettings = {
				CODE_SIGN_IDENTITY = "";
				CURRENT_PROJECT_VERSION = 1;
				DEFINES_MODULE = YES;
				DYLIB_COMPATIBILITY_VERSION = 1;
				DYLIB_CURRENT_VERSION = 1;
				DYLIB_INSTALL_NAME_BASE = "@rpath";
				FRAMEWORK_SEARCH_PATHS = (
					"$(inherited) $(SRCROOT)/Frameworks",
					"\"Frameworks\"",
				);
				INSTALL_PATH = "$(LOCAL_LIBRARY_DIR)/Frameworks";
				LD_RUNPATH_SEARCH_PATHS = (
					"$(inherited)",
					"@executable_path/Frameworks",
				);
				PRODUCT_BUNDLE_IDENTIFIER = com.koosha.FocalPointCore;
				PRODUCT_NAME = FocalPointCore;
				SDKROOT = iphoneos;
				SKIP_INSTALL = YES;
				TARGETED_DEVICE_FAMILY = "1,2";
				VERSIONING_SYSTEM = "apple-generic";
			};
			name = Release;
		};
		E1EEC7391C7403C08F778F59 /* Debug */ = {
			isa = XCBuildConfiguration;
			buildSettings = {
				BRIDGING_HEADER = "Sources/FocalPointWidget/FocalPointWidget-Bridging-Header.h";
				CODE_SIGNING_REQUIRED = NO;
				CODE_SIGN_IDENTITY = "";
				CODE_SIGN_STYLE = Automatic;
				GENERATE_INFOPLIST_FILE = YES;
				INFOPLIST_FILE = Sources/FocalPointWidget/Info.plist;
				LD_RUNPATH_SEARCH_PATHS = (
					"$(inherited)",
					"@executable_path/Frameworks",
					"@executable_path/../../Frameworks",
				);
				OTHER_LDFLAGS = "-lsqlite3";
				PRODUCT_BUNDLE_IDENTIFIER = com.koosha.focalpoint.widget;
				PRODUCT_NAME = FocalPointWidget;
				SDKROOT = iphoneos;
				SKIP_INSTALL = YES;
				TARGETED_DEVICE_FAMILY = "1,2";
			};
			name = Debug;
		};
		F7BB7DABEEAD5E2E40F3C7F2 /* Debug */ = {
			isa = XCBuildConfiguration;
			buildSettings = {
				ASSETCATALOG_COMPILER_APPICON_NAME = AppIcon;
				CODE_SIGN_IDENTITY = "iPhone Developer";
				ENABLE_BITCODE = NO;
				INFOPLIST_FILE = Sources/FocalPointApp/Info.plist;
				LD_RUNPATH_SEARCH_PATHS = (
					"$(inherited)",
					"@executable_path/Frameworks",
				);
				PRODUCT_BUNDLE_IDENTIFIER = com.koosha.focalpoint;
				PRODUCT_NAME = FocalPointApp;
				SDKROOT = iphoneos;
				STRIP_BITCODE_FROM_COPIED_FILES = NO;
				SUPPORTS_MACCATALYST = NO;
				SUPPORTS_MAC_DESIGNED_FOR_IPHONE_IPAD = YES;
				TARGETED_DEVICE_FAMILY = "1,2";
			};
			name = Debug;
		};
		AA0000000000000000000208 /* Debug */ = {
			isa = XCBuildConfiguration;
			buildSettings = {
				CODE_SIGN_STYLE = Automatic;
				DEVELOPMENT_TEAM = GCT2BN8WLL;
				GENERATE_INFOPLIST_FILE = YES;
				PRODUCT_BUNDLE_IDENTIFIER = com.koosha.FocalPointUITests;
				PRODUCT_NAME = FocalPointUITests;
				SDKROOT = iphoneos;
				TARGETED_DEVICE_FAMILY = "1,2";
				TEST_TARGET_NAME = FocalPointApp;
			};
			name = Debug;
		};
		AA0000000000000000000209 /* Release */ = {
			isa = XCBuildConfiguration;
			buildSettings = {
				CODE_SIGN_STYLE = Automatic;
				DEVELOPMENT_TEAM = GCT2BN8WLL;
				GENERATE_INFOPLIST_FILE = YES;
				PRODUCT_BUNDLE_IDENTIFIER = com.koosha.FocalPointUITests;
				PRODUCT_NAME = FocalPointUITests;
				SDKROOT = iphoneos;
				TARGETED_DEVICE_FAMILY = "1,2";
				TEST_TARGET_NAME = FocalPointApp;
			};
			name = Release;
		};
/* End XCBuildConfiguration section */

/* Begin XCConfigurationList section */
		04659C694B9AD1E839466D9C /* Build configuration list for PBXNativeTarget "Enforcement" */ = {
			isa = XCConfigurationList;
			buildConfigurations = (
				8643BA1914346870F3F49DF2 /* Debug */,
				294CE44EA6838C5186186913 /* Release */,
			);
			defaultConfigurationIsVisible = 0;
			defaultConfigurationName = Debug;
		};
		1FD56E1206DE2057B3352714 /* Build configuration list for PBXNativeTarget "MascotUI" */ = {
			isa = XCConfigurationList;
			buildConfigurations = (
				5F9732DA2B1B059EF49F4D32 /* Debug */,
				6234CB2CF75BAF1A480861C4 /* Release */,
			);
			defaultConfigurationIsVisible = 0;
			defaultConfigurationName = Debug;
		};
		31064121B2B46533B425945D /* Build configuration list for PBXNativeTarget "DesignSystem" */ = {
			isa = XCConfigurationList;
			buildConfigurations = (
				2A01AA06DC2449FD98904005 /* Debug */,
				148CE41C7210EC07D79EB886 /* Release */,
			);
			defaultConfigurationIsVisible = 0;
			defaultConfigurationName = Debug;
		};
		34F3F8A00A4C60055A75BC73 /* Build configuration list for PBXNativeTarget "FocalPointIntegrationTests" */ = {
			isa = XCConfigurationList;
			buildConfigurations = (
				4FD1E2902E269B452F5A4B77 /* Debug */,
				129E02FD7E08E0068D781B50 /* Release */,
			);
			defaultConfigurationIsVisible = 0;
			defaultConfigurationName = Debug;
		};
		3750528DED9366EBB8A32BCD /* Build configuration list for PBXNativeTarget "FocalPointApp" */ = {
			isa = XCConfigurationList;
			buildConfigurations = (
				F7BB7DABEEAD5E2E40F3C7F2 /* Debug */,
				275A27B97C92FC4D4BB8220F /* Release */,
			);
			defaultConfigurationIsVisible = 0;
			defaultConfigurationName = Debug;
		};
		686C78B1FE8766AE1F2342DA /* Build configuration list for PBXProject "FocalPoint" */ = {
			isa = XCConfigurationList;
			buildConfigurations = (
				15628D17A39C189461F5195E /* Debug */,
				6BAD326C3B965DD409AD33F3 /* Release */,
			);
			defaultConfigurationIsVisible = 0;
			defaultConfigurationName = Debug;
		};
		E39D8FA0C70D7E16FE35F0EC /* Build configuration list for PBXNativeTarget "FocalPointCore" */ = {
			isa = XCConfigurationList;
			buildConfigurations = (
				504FD0EDF7E3D35BABBF1413 /* Debug */,
				A8D5D312D17178C4870071EC /* Release */,
			);
			defaultConfigurationIsVisible = 0;
			defaultConfigurationName = Debug;
		};
		E469BC0CA3B2CD49FA37C95B /* Build configuration list for PBXNativeTarget "FocalPointWidget" */ = {
			isa = XCConfigurationList;
			buildConfigurations = (
				E1EEC7391C7403C08F778F59 /* Debug */,
				314E12A8227D875A3FE86354 /* Release */,
			);
			defaultConfigurationIsVisible = 0;
			defaultConfigurationName = Debug;
		};
		AA000000000000000000020A /* Build configuration list for PBXNativeTarget "FocalPointUITests" */ = {
			isa = XCConfigurationList;
			buildConfigurations = (
				AA0000000000000000000208 /* Debug */,
				AA0000000000000000000209 /* Release */,
			);
			defaultConfigurationIsVisible = 0;
			defaultConfigurationName = Debug;
		};
/* End XCConfigurationList section */
	};
	rootObject = DA95DE96FAA4868986F9489D /* Project object */;
}
